version = 1
revision = 2
requires-python = ">=3.13"

[manifest]
members = [
    "archive",
    "dpm2",
    "migrate",
    "opendpm",
    "schema",
    "scrape",
]

[[package]]
name = "archive"
version = "0.0.0"
source = { editable = "projects/archive" }
dependencies = [
    { name = "requests" },
]

[package.metadata]
requires-dist = [{ name = "requests", specifier = ">=2.32.3" }]

[[package]]
name = "beautifulsoup4"
version = "4.13.4"
source = { registry = "https://pypi.org/simple" }
dependencies = [
    { name = "soupsieve" },
    { name = "typing-extensions" },
]
sdist = { url = "https://files.pythonhosted.org/packages/d8/e4/0c4c39e18fd76d6a628d4dd8da40543d136ce2d1752bd6eeeab0791f4d6b/beautifulsoup4-4.13.4.tar.gz", hash = "sha256:dbb3c4e1ceae6aefebdaf2423247260cd062430a410e38c66f2baa50a8437195", size = 621067, upload-time = "2025-04-15T17:05:13.836Z" }
wheels = [
    { url = "https://files.pythonhosted.org/packages/50/cd/30110dc0ffcf3b131156077b90e9f60ed75711223f306da4db08eff8403b/beautifulsoup4-4.13.4-py3-none-any.whl", hash = "sha256:9bbbb14bfde9d79f38b8cd5f8c7c85f4b8f2523190ebed90e950a8dea4cb1c4b", size = 187285, upload-time = "2025-04-15T17:05:12.221Z" },
]

[[package]]
name = "certifi"
version = "2024.12.14"
source = { registry = "https://pypi.org/simple" }
sdist = { url = "https://files.pythonhosted.org/packages/0f/bd/1d41ee578ce09523c81a15426705dd20969f5abf006d1afe8aeff0dd776a/certifi-2024.12.14.tar.gz", hash = "sha256:b650d30f370c2b724812bee08008be0c4163b163ddaec3f2546c1caf65f191db", size = 166010, upload-time = "2024-12-14T13:52:38.02Z" }
wheels = [
    { url = "https://files.pythonhosted.org/packages/a5/32/8f6669fc4798494966bf446c8c4a162e0b5d893dff088afddf76414f70e1/certifi-2024.12.14-py3-none-any.whl", hash = "sha256:1275f7a45be9464efc1173084eaa30f866fe2e47d389406136d332ed4967ec56", size = 164927, upload-time = "2024-12-14T13:52:36.114Z" },
]

[[package]]
name = "charset-normalizer"
version = "3.4.1"
source = { registry = "https://pypi.org/simple" }
sdist = { url = "https://files.pythonhosted.org/packages/16/b0/572805e227f01586461c80e0fd25d65a2115599cc9dad142fee4b747c357/charset_normalizer-3.4.1.tar.gz", hash = "sha256:44251f18cd68a75b56585dd00dae26183e102cd5e0f9f1466e6df5da2ed64ea3", size = 123188, upload-time = "2024-12-24T18:12:35.43Z" }
wheels = [
    { url = "https://files.pythonhosted.org/packages/38/94/ce8e6f63d18049672c76d07d119304e1e2d7c6098f0841b51c666e9f44a0/charset_normalizer-3.4.1-cp313-cp313-macosx_10_13_universal2.whl", hash = "sha256:aabfa34badd18f1da5ec1bc2715cadc8dca465868a4e73a0173466b688f29dda", size = 195698, upload-time = "2024-12-24T18:11:05.834Z" },
    { url = "https://files.pythonhosted.org/packages/24/2e/dfdd9770664aae179a96561cc6952ff08f9a8cd09a908f259a9dfa063568/charset_normalizer-3.4.1-cp313-cp313-manylinux_2_17_aarch64.manylinux2014_aarch64.whl", hash = "sha256:22e14b5d70560b8dd51ec22863f370d1e595ac3d024cb8ad7d308b4cd95f8313", size = 140162, upload-time = "2024-12-24T18:11:07.064Z" },
    { url = "https://files.pythonhosted.org/packages/24/4e/f646b9093cff8fc86f2d60af2de4dc17c759de9d554f130b140ea4738ca6/charset_normalizer-3.4.1-cp313-cp313-manylinux_2_17_ppc64le.manylinux2014_ppc64le.whl", hash = "sha256:8436c508b408b82d87dc5f62496973a1805cd46727c34440b0d29d8a2f50a6c9", size = 150263, upload-time = "2024-12-24T18:11:08.374Z" },
    { url = "https://files.pythonhosted.org/packages/5e/67/2937f8d548c3ef6e2f9aab0f6e21001056f692d43282b165e7c56023e6dd/charset_normalizer-3.4.1-cp313-cp313-manylinux_2_17_s390x.manylinux2014_s390x.whl", hash = "sha256:2d074908e1aecee37a7635990b2c6d504cd4766c7bc9fc86d63f9c09af3fa11b", size = 142966, upload-time = "2024-12-24T18:11:09.831Z" },
    { url = "https://files.pythonhosted.org/packages/52/ed/b7f4f07de100bdb95c1756d3a4d17b90c1a3c53715c1a476f8738058e0fa/charset_normalizer-3.4.1-cp313-cp313-manylinux_2_17_x86_64.manylinux2014_x86_64.whl", hash = "sha256:955f8851919303c92343d2f66165294848d57e9bba6cf6e3625485a70a038d11", size = 144992, upload-time = "2024-12-24T18:11:12.03Z" },
    { url = "https://files.pythonhosted.org/packages/96/2c/d49710a6dbcd3776265f4c923bb73ebe83933dfbaa841c5da850fe0fd20b/charset_normalizer-3.4.1-cp313-cp313-manylinux_2_5_i686.manylinux1_i686.manylinux_2_17_i686.manylinux2014_i686.whl", hash = "sha256:44ecbf16649486d4aebafeaa7ec4c9fed8b88101f4dd612dcaf65d5e815f837f", size = 147162, upload-time = "2024-12-24T18:11:13.372Z" },
    { url = "https://files.pythonhosted.org/packages/b4/41/35ff1f9a6bd380303dea55e44c4933b4cc3c4850988927d4082ada230273/charset_normalizer-3.4.1-cp313-cp313-musllinux_1_2_aarch64.whl", hash = "sha256:0924e81d3d5e70f8126529951dac65c1010cdf117bb75eb02dd12339b57749dd", size = 140972, upload-time = "2024-12-24T18:11:14.628Z" },
    { url = "https://files.pythonhosted.org/packages/fb/43/c6a0b685fe6910d08ba971f62cd9c3e862a85770395ba5d9cad4fede33ab/charset_normalizer-3.4.1-cp313-cp313-musllinux_1_2_i686.whl", hash = "sha256:2967f74ad52c3b98de4c3b32e1a44e32975e008a9cd2a8cc8966d6a5218c5cb2", size = 149095, upload-time = "2024-12-24T18:11:17.672Z" },
    { url = "https://files.pythonhosted.org/packages/4c/ff/a9a504662452e2d2878512115638966e75633519ec11f25fca3d2049a94a/charset_normalizer-3.4.1-cp313-cp313-musllinux_1_2_ppc64le.whl", hash = "sha256:c75cb2a3e389853835e84a2d8fb2b81a10645b503eca9bcb98df6b5a43eb8886", size = 152668, upload-time = "2024-12-24T18:11:18.989Z" },
    { url = "https://files.pythonhosted.org/packages/6c/71/189996b6d9a4b932564701628af5cee6716733e9165af1d5e1b285c530ed/charset_normalizer-3.4.1-cp313-cp313-musllinux_1_2_s390x.whl", hash = "sha256:09b26ae6b1abf0d27570633b2b078a2a20419c99d66fb2823173d73f188ce601", size = 150073, upload-time = "2024-12-24T18:11:21.507Z" },
    { url = "https://files.pythonhosted.org/packages/e4/93/946a86ce20790e11312c87c75ba68d5f6ad2208cfb52b2d6a2c32840d922/charset_normalizer-3.4.1-cp313-cp313-musllinux_1_2_x86_64.whl", hash = "sha256:fa88b843d6e211393a37219e6a1c1df99d35e8fd90446f1118f4216e307e48cd", size = 145732, upload-time = "2024-12-24T18:11:22.774Z" },
    { url = "https://files.pythonhosted.org/packages/cd/e5/131d2fb1b0dddafc37be4f3a2fa79aa4c037368be9423061dccadfd90091/charset_normalizer-3.4.1-cp313-cp313-win32.whl", hash = "sha256:eb8178fe3dba6450a3e024e95ac49ed3400e506fd4e9e5c32d30adda88cbd407", size = 95391, upload-time = "2024-12-24T18:11:24.139Z" },
    { url = "https://files.pythonhosted.org/packages/27/f2/4f9a69cc7712b9b5ad8fdb87039fd89abba997ad5cbe690d1835d40405b0/charset_normalizer-3.4.1-cp313-cp313-win_amd64.whl", hash = "sha256:b1ac5992a838106edb89654e0aebfc24f5848ae2547d22c2c3f66454daa11971", size = 102702, upload-time = "2024-12-24T18:11:26.535Z" },
    { url = "https://files.pythonhosted.org/packages/0e/f6/65ecc6878a89bb1c23a086ea335ad4bf21a588990c3f535a227b9eea9108/charset_normalizer-3.4.1-py3-none-any.whl", hash = "sha256:d98b1668f06378c6dbefec3b92299716b931cd4e6061f3c875a71ced1780ab85", size = 49767, upload-time = "2024-12-24T18:12:32.852Z" },
]

[[package]]
name = "dpm2"
version = "0.0.0"
source = { editable = "projects/dpm2" }
dependencies = [
    { name = "sqlalchemy" },
]

[package.metadata]
requires-dist = [{ name = "sqlalchemy", specifier = ">=2.0.37" }]

[[package]]
name = "greenlet"
version = "3.1.1"
source = { registry = "https://pypi.org/simple" }
sdist = { url = "https://files.pythonhosted.org/packages/2f/ff/df5fede753cc10f6a5be0931204ea30c35fa2f2ea7a35b25bdaf4fe40e46/greenlet-3.1.1.tar.gz", hash = "sha256:4ce3ac6cdb6adf7946475d7ef31777c26d94bccc377e070a7986bd2d5c515467", size = 186022, upload-time = "2024-09-20T18:21:04.506Z" }
wheels = [
    { url = "https://files.pythonhosted.org/packages/f3/57/0db4940cd7bb461365ca8d6fd53e68254c9dbbcc2b452e69d0d41f10a85e/greenlet-3.1.1-cp313-cp313-macosx_11_0_universal2.whl", hash = "sha256:05175c27cb459dcfc05d026c4232f9de8913ed006d42713cb8a5137bd49375f1", size = 272990, upload-time = "2024-09-20T17:08:26.312Z" },
    { url = "https://files.pythonhosted.org/packages/1c/ec/423d113c9f74e5e402e175b157203e9102feeb7088cee844d735b28ef963/greenlet-3.1.1-cp313-cp313-manylinux_2_17_aarch64.manylinux2014_aarch64.whl", hash = "sha256:935e943ec47c4afab8965954bf49bfa639c05d4ccf9ef6e924188f762145c0ff", size = 649175, upload-time = "2024-09-20T17:36:48.983Z" },
    { url = "https://files.pythonhosted.org/packages/a9/46/ddbd2db9ff209186b7b7c621d1432e2f21714adc988703dbdd0e65155c77/greenlet-3.1.1-cp313-cp313-manylinux_2_17_ppc64le.manylinux2014_ppc64le.whl", hash = "sha256:667a9706c970cb552ede35aee17339a18e8f2a87a51fba2ed39ceeeb1004798a", size = 663425, upload-time = "2024-09-20T17:39:22.705Z" },
    { url = "https://files.pythonhosted.org/packages/bc/f9/9c82d6b2b04aa37e38e74f0c429aece5eeb02bab6e3b98e7db89b23d94c6/greenlet-3.1.1-cp313-cp313-manylinux_2_17_s390x.manylinux2014_s390x.whl", hash = "sha256:b8a678974d1f3aa55f6cc34dc480169d58f2e6d8958895d68845fa4ab566509e", size = 657736, upload-time = "2024-09-20T17:44:28.544Z" },
    { url = "https://files.pythonhosted.org/packages/d9/42/b87bc2a81e3a62c3de2b0d550bf91a86939442b7ff85abb94eec3fc0e6aa/greenlet-3.1.1-cp313-cp313-manylinux_2_17_x86_64.manylinux2014_x86_64.whl", hash = "sha256:efc0f674aa41b92da8c49e0346318c6075d734994c3c4e4430b1c3f853e498e4", size = 660347, upload-time = "2024-09-20T17:08:45.56Z" },
    { url = "https://files.pythonhosted.org/packages/37/fa/71599c3fd06336cdc3eac52e6871cfebab4d9d70674a9a9e7a482c318e99/greenlet-3.1.1-cp313-cp313-manylinux_2_24_x86_64.manylinux_2_28_x86_64.whl", hash = "sha256:0153404a4bb921f0ff1abeb5ce8a5131da56b953eda6e14b88dc6bbc04d2049e", size = 615583, upload-time = "2024-09-20T17:08:36.85Z" },
    { url = "https://files.pythonhosted.org/packages/4e/96/e9ef85de031703ee7a4483489b40cf307f93c1824a02e903106f2ea315fe/greenlet-3.1.1-cp313-cp313-musllinux_1_1_aarch64.whl", hash = "sha256:275f72decf9932639c1c6dd1013a1bc266438eb32710016a1c742df5da6e60a1", size = 1133039, upload-time = "2024-09-20T17:44:18.287Z" },
    { url = "https://files.pythonhosted.org/packages/87/76/b2b6362accd69f2d1889db61a18c94bc743e961e3cab344c2effaa4b4a25/greenlet-3.1.1-cp313-cp313-musllinux_1_1_x86_64.whl", hash = "sha256:c4aab7f6381f38a4b42f269057aee279ab0fc7bf2e929e3d4abfae97b682a12c", size = 1160716, upload-time = "2024-09-20T17:09:27.112Z" },
    { url = "https://files.pythonhosted.org/packages/1f/1b/54336d876186920e185066d8c3024ad55f21d7cc3683c856127ddb7b13ce/greenlet-3.1.1-cp313-cp313-win_amd64.whl", hash = "sha256:b42703b1cf69f2aa1df7d1030b9d77d3e584a70755674d60e710f0af570f3761", size = 299490, upload-time = "2024-09-20T17:17:09.501Z" },
    { url = "https://files.pythonhosted.org/packages/5f/17/bea55bf36990e1638a2af5ba10c1640273ef20f627962cf97107f1e5d637/greenlet-3.1.1-cp313-cp313t-manylinux_2_17_aarch64.manylinux2014_aarch64.whl", hash = "sha256:f1695e76146579f8c06c1509c7ce4dfe0706f49c6831a817ac04eebb2fd02011", size = 643731, upload-time = "2024-09-20T17:36:50.376Z" },
    { url = "https://files.pythonhosted.org/packages/78/d2/aa3d2157f9ab742a08e0fd8f77d4699f37c22adfbfeb0c610a186b5f75e0/greenlet-3.1.1-cp313-cp313t-manylinux_2_17_ppc64le.manylinux2014_ppc64le.whl", hash = "sha256:7876452af029456b3f3549b696bb36a06db7c90747740c5302f74a9e9fa14b13", size = 649304, upload-time = "2024-09-20T17:39:24.55Z" },
    { url = "https://files.pythonhosted.org/packages/f1/8e/d0aeffe69e53ccff5a28fa86f07ad1d2d2d6537a9506229431a2a02e2f15/greenlet-3.1.1-cp313-cp313t-manylinux_2_17_s390x.manylinux2014_s390x.whl", hash = "sha256:4ead44c85f8ab905852d3de8d86f6f8baf77109f9da589cb4fa142bd3b57b475", size = 646537, upload-time = "2024-09-20T17:44:31.102Z" },
    { url = "https://files.pythonhosted.org/packages/05/79/e15408220bbb989469c8871062c97c6c9136770657ba779711b90870d867/greenlet-3.1.1-cp313-cp313t-manylinux_2_17_x86_64.manylinux2014_x86_64.whl", hash = "sha256:8320f64b777d00dd7ccdade271eaf0cad6636343293a25074cc5566160e4de7b", size = 642506, upload-time = "2024-09-20T17:08:47.852Z" },
    { url = "https://files.pythonhosted.org/packages/18/87/470e01a940307796f1d25f8167b551a968540fbe0551c0ebb853cb527dd6/greenlet-3.1.1-cp313-cp313t-manylinux_2_24_x86_64.manylinux_2_28_x86_64.whl", hash = "sha256:6510bf84a6b643dabba74d3049ead221257603a253d0a9873f55f6a59a65f822", size = 602753, upload-time = "2024-09-20T17:08:38.079Z" },
    { url = "https://files.pythonhosted.org/packages/e2/72/576815ba674eddc3c25028238f74d7b8068902b3968cbe456771b166455e/greenlet-3.1.1-cp313-cp313t-musllinux_1_1_aarch64.whl", hash = "sha256:04b013dc07c96f83134b1e99888e7a79979f1a247e2a9f59697fa14b5862ed01", size = 1122731, upload-time = "2024-09-20T17:44:20.556Z" },
    { url = "https://files.pythonhosted.org/packages/ac/38/08cc303ddddc4b3d7c628c3039a61a3aae36c241ed01393d00c2fd663473/greenlet-3.1.1-cp313-cp313t-musllinux_1_1_x86_64.whl", hash = "sha256:411f015496fec93c1c8cd4e5238da364e1da7a124bcb293f085bf2860c32c6f6", size = 1142112, upload-time = "2024-09-20T17:09:28.753Z" },
]

[[package]]
name = "idna"
version = "3.10"
source = { registry = "https://pypi.org/simple" }
sdist = { url = "https://files.pythonhosted.org/packages/f1/70/7703c29685631f5a7590aa73f1f1d3fa9a380e654b86af429e0934a32f7d/idna-3.10.tar.gz", hash = "sha256:12f65c9b470abda6dc35cf8e63cc574b1c52b11df2c86030af0ac09b01b13ea9", size = 190490, upload-time = "2024-09-15T18:07:39.745Z" }
wheels = [
    { url = "https://files.pythonhosted.org/packages/76/c6/c88e154df9c4e1a2a66ccf0005a88dfb2650c1dffb6f5ce603dfbd452ce3/idna-3.10-py3-none-any.whl", hash = "sha256:946d195a0d259cbba61165e88e65941f16e9b36ea6ddb97f00452bae8b1287d3", size = 70442, upload-time = "2024-09-15T18:07:37.964Z" },
]

[[package]]
name = "migrate"
version = "0.1.0"
source = { virtual = "projects/migrate" }
dependencies = [
    { name = "sqlalchemy" },
    { name = "sqlalchemy-access" },
]

[package.metadata]
requires-dist = [
    { name = "sqlalchemy", specifier = ">=2.0.37" },
    { name = "sqlalchemy-access", specifier = ">=2.0.3" },
]

[[package]]
name = "mypy"
version = "1.15.0"
source = { registry = "https://pypi.org/simple" }
dependencies = [
    { name = "mypy-extensions" },
    { name = "typing-extensions" },
]
sdist = { url = "https://files.pythonhosted.org/packages/ce/43/d5e49a86afa64bd3839ea0d5b9c7103487007d728e1293f52525d6d5486a/mypy-1.15.0.tar.gz", hash = "sha256:404534629d51d3efea5c800ee7c42b72a6554d6c400e6a79eafe15d11341fd43", size = 3239717, upload-time = "2025-02-05T03:50:34.655Z" }
wheels = [
    { url = "https://files.pythonhosted.org/packages/6a/9b/fd2e05d6ffff24d912f150b87db9e364fa8282045c875654ce7e32fffa66/mypy-1.15.0-cp313-cp313-macosx_10_13_x86_64.whl", hash = "sha256:93faf3fdb04768d44bf28693293f3904bbb555d076b781ad2530214ee53e3445", size = 10788592, upload-time = "2025-02-05T03:48:55.789Z" },
    { url = "https://files.pythonhosted.org/packages/74/37/b246d711c28a03ead1fd906bbc7106659aed7c089d55fe40dd58db812628/mypy-1.15.0-cp313-cp313-macosx_11_0_arm64.whl", hash = "sha256:811aeccadfb730024c5d3e326b2fbe9249bb7413553f15499a4050f7c30e801d", size = 9753611, upload-time = "2025-02-05T03:48:44.581Z" },
    { url = "https://files.pythonhosted.org/packages/a6/ac/395808a92e10cfdac8003c3de9a2ab6dc7cde6c0d2a4df3df1b815ffd067/mypy-1.15.0-cp313-cp313-manylinux_2_17_aarch64.manylinux2014_aarch64.manylinux_2_28_aarch64.whl", hash = "sha256:98b7b9b9aedb65fe628c62a6dc57f6d5088ef2dfca37903a7d9ee374d03acca5", size = 11438443, upload-time = "2025-02-05T03:49:25.514Z" },
    { url = "https://files.pythonhosted.org/packages/d2/8b/801aa06445d2de3895f59e476f38f3f8d610ef5d6908245f07d002676cbf/mypy-1.15.0-cp313-cp313-manylinux_2_17_x86_64.manylinux2014_x86_64.manylinux_2_28_x86_64.whl", hash = "sha256:c43a7682e24b4f576d93072216bf56eeff70d9140241f9edec0c104d0c515036", size = 12402541, upload-time = "2025-02-05T03:49:57.623Z" },
    { url = "https://files.pythonhosted.org/packages/c7/67/5a4268782eb77344cc613a4cf23540928e41f018a9a1ec4c6882baf20ab8/mypy-1.15.0-cp313-cp313-musllinux_1_2_x86_64.whl", hash = "sha256:baefc32840a9f00babd83251560e0ae1573e2f9d1b067719479bfb0e987c6357", size = 12494348, upload-time = "2025-02-05T03:48:52.361Z" },
    { url = "https://files.pythonhosted.org/packages/83/3e/57bb447f7bbbfaabf1712d96f9df142624a386d98fb026a761532526057e/mypy-1.15.0-cp313-cp313-win_amd64.whl", hash = "sha256:b9378e2c00146c44793c98b8d5a61039a048e31f429fb0eb546d93f4b000bedf", size = 9373648, upload-time = "2025-02-05T03:49:11.395Z" },
    { url = "https://files.pythonhosted.org/packages/09/4e/a7d65c7322c510de2c409ff3828b03354a7c43f5a8ed458a7a131b41c7b9/mypy-1.15.0-py3-none-any.whl", hash = "sha256:5469affef548bd1895d86d3bf10ce2b44e33d86923c29e4d675b3e323437ea3e", size = 2221777, upload-time = "2025-02-05T03:50:08.348Z" },
]

[[package]]
name = "mypy-extensions"
version = "1.0.0"
source = { registry = "https://pypi.org/simple" }
sdist = { url = "https://files.pythonhosted.org/packages/98/a4/1ab47638b92648243faf97a5aeb6ea83059cc3624972ab6b8d2316078d3f/mypy_extensions-1.0.0.tar.gz", hash = "sha256:75dbf8955dc00442a438fc4d0666508a9a97b6bd41aa2f0ffe9d2f2725af0782", size = 4433, upload-time = "2023-02-04T12:11:27.157Z" }
wheels = [
    { url = "https://files.pythonhosted.org/packages/2a/e2/5d3f6ada4297caebe1a2add3b126fe800c96f56dbe5d1988a2cbe0b267aa/mypy_extensions-1.0.0-py3-none-any.whl", hash = "sha256:4392f6c0eb8a5668a69e23d168ffa70f0be9ccfd32b5cc2d26a34ae5b844552d", size = 4695, upload-time = "2023-02-04T12:11:25.002Z" },
]

[[package]]
name = "opendpm"
version = "0.0.0"
source = { editable = "." }
dependencies = [
    { name = "archive" },
    { name = "pyyaml" },
]

[package.optional-dependencies]
migrate = [
    { name = "migrate" },
]
schema = [
    { name = "schema" },
]
scrape = [
    { name = "scrape" },
]

[package.dev-dependencies]
dev = [
    { name = "mypy" },
    { name = "ruff" },
    { name = "ty" },
    { name = "types-beautifulsoup4" },
    { name = "types-requests" },
]

[package.metadata]
requires-dist = [
    { name = "archive", editable = "projects/archive" },
    { name = "migrate", marker = "extra == 'migrate'", virtual = "projects/migrate" },
    { name = "pyyaml", specifier = ">=6.0.2" },
    { name = "schema", marker = "extra == 'schema'", virtual = "projects/schema" },
    { name = "scrape", marker = "extra == 'scrape'", virtual = "projects/scrape" },
]
provides-extras = ["scrape", "migrate", "schema"]

[package.metadata.requires-dev]
dev = [
    { name = "mypy", specifier = ">=1.15.0" },
    { name = "ruff", specifier = ">=0.11.4" },
    { name = "ty", specifier = ">=0.0.1a15" },
    { name = "types-beautifulsoup4", specifier = ">=4.12.0.20250204" },
    { name = "types-requests", specifier = ">=2.32.0.20250328" },
]

[[package]]
name = "pyodbc"
version = "5.2.0"
source = { registry = "https://pypi.org/simple" }
sdist = { url = "https://files.pythonhosted.org/packages/a0/36/a1ac7d23a1611e7ccd4d27df096f3794e8d1e7faa040260d9d41b6fc3185/pyodbc-5.2.0.tar.gz", hash = "sha256:de8be39809c8ddeeee26a4b876a6463529cd487a60d1393eb2a93e9bcd44a8f5", size = 116908, upload-time = "2024-10-16T01:40:13.425Z" }
wheels = [
    { url = "https://files.pythonhosted.org/packages/90/be/e5f8022ec57a7ea6aa3717a3f307a44c3b012fce7ad6ec91aad3e2a56978/pyodbc-5.2.0-cp313-cp313-macosx_10_13_x86_64.whl", hash = "sha256:26844d780045bbc3514d5c2f0d89e7fda7df7db0bd24292eb6902046f5730885", size = 72982, upload-time = "2024-10-16T01:39:50.738Z" },
    { url = "https://files.pythonhosted.org/packages/5c/0e/71111e4f53936b0b99731d9b6acfc8fc95660533a1421447a63d6e519112/pyodbc-5.2.0-cp313-cp313-macosx_11_0_arm64.whl", hash = "sha256:26d2d8fd53b71204c755abc53b0379df4e23fd9a40faf211e1cb87e8a32470f0", size = 72515, upload-time = "2024-10-16T01:39:51.86Z" },
    { url = "https://files.pythonhosted.org/packages/a5/09/3c06bbc1ebb9ae15f53cefe10774809b67da643883287ba1c44ba053816a/pyodbc-5.2.0-cp313-cp313-manylinux_2_17_aarch64.manylinux2014_aarch64.whl", hash = "sha256:a27996b6d27e275dfb5fe8a34087ba1cacadfd1439e636874ef675faea5149d9", size = 347470, upload-time = "2024-10-16T01:39:53.594Z" },
    { url = "https://files.pythonhosted.org/packages/a4/35/1c7efd4665e7983169d20175014f68578e0edfcbc4602b0bafcefa522c4a/pyodbc-5.2.0-cp313-cp313-manylinux_2_17_x86_64.manylinux2014_x86_64.whl", hash = "sha256:eaf42c4bd323b8fd01f1cd900cca2d09232155f9b8f0b9bcd0be66763588ce64", size = 353025, upload-time = "2024-10-16T01:39:55.124Z" },
    { url = "https://files.pythonhosted.org/packages/6d/c9/736d07fa33572abdc50d858fd9e527d2c8281f3acbb90dff4999a3662edd/pyodbc-5.2.0-cp313-cp313-win32.whl", hash = "sha256:207f16b7e9bf09c591616429ebf2b47127e879aad21167ac15158910dc9bbcda", size = 63052, upload-time = "2024-10-16T01:39:56.565Z" },
    { url = "https://files.pythonhosted.org/packages/73/2a/3219c8b7fa3788fc9f27b5fc2244017223cf070e5ab370f71c519adf9120/pyodbc-5.2.0-cp313-cp313-win_amd64.whl", hash = "sha256:96d3127f28c0dacf18da7ae009cd48eac532d3dcc718a334b86a3c65f6a5ef5c", size = 69486, upload-time = "2024-10-16T01:39:57.57Z" },
]

[[package]]
name = "pywin32"
version = "309"
source = { registry = "https://pypi.org/simple" }
wheels = [
    { url = "https://files.pythonhosted.org/packages/6c/c3/51aca6887cc5e410aa4cdc55662cf8438212440c67335c3f141b02eb8d52/pywin32-309-cp313-cp313-win32.whl", hash = "sha256:008bffd4afd6de8ca46c6486085414cc898263a21a63c7f860d54c9d02b45c8d", size = 8789700, upload-time = "2025-03-09T18:04:08.937Z" },
    { url = "https://files.pythonhosted.org/packages/dd/66/330f265140fa814b4ed1bf16aea701f9d005f8f4ab57a54feb17f53afe7e/pywin32-309-cp313-cp313-win_amd64.whl", hash = "sha256:bd0724f58492db4cbfbeb1fcd606495205aa119370c0ddc4f70e5771a3ab768d", size = 9496714, upload-time = "2025-03-09T18:04:10.619Z" },
    { url = "https://files.pythonhosted.org/packages/2c/84/9a51e6949a03f25cd329ece54dbf0846d57fadd2e79046c3b8d140aaa132/pywin32-309-cp313-cp313-win_arm64.whl", hash = "sha256:8fd9669cfd41863b688a1bc9b1d4d2d76fd4ba2128be50a70b0ea66b8d37953b", size = 8453052, upload-time = "2025-03-09T18:04:12.812Z" },
]

[[package]]
name = "pyyaml"
version = "6.0.2"
source = { registry = "https://pypi.org/simple" }
sdist = { url = "https://files.pythonhosted.org/packages/54/ed/79a089b6be93607fa5cdaedf301d7dfb23af5f25c398d5ead2525b063e17/pyyaml-6.0.2.tar.gz", hash = "sha256:d584d9ec91ad65861cc08d42e834324ef890a082e591037abe114850ff7bbc3e", size = 130631, upload-time = "2024-08-06T20:33:50.674Z" }
wheels = [
    { url = "https://files.pythonhosted.org/packages/ef/e3/3af305b830494fa85d95f6d95ef7fa73f2ee1cc8ef5b495c7c3269fb835f/PyYAML-6.0.2-cp313-cp313-macosx_10_13_x86_64.whl", hash = "sha256:efdca5630322a10774e8e98e1af481aad470dd62c3170801852d752aa7a783ba", size = 181309, upload-time = "2024-08-06T20:32:43.4Z" },
    { url = "https://files.pythonhosted.org/packages/45/9f/3b1c20a0b7a3200524eb0076cc027a970d320bd3a6592873c85c92a08731/PyYAML-6.0.2-cp313-cp313-macosx_11_0_arm64.whl", hash = "sha256:50187695423ffe49e2deacb8cd10510bc361faac997de9efef88badc3bb9e2d1", size = 171679, upload-time = "2024-08-06T20:32:44.801Z" },
    { url = "https://files.pythonhosted.org/packages/7c/9a/337322f27005c33bcb656c655fa78325b730324c78620e8328ae28b64d0c/PyYAML-6.0.2-cp313-cp313-manylinux_2_17_aarch64.manylinux2014_aarch64.whl", hash = "sha256:0ffe8360bab4910ef1b9e87fb812d8bc0a308b0d0eef8c8f44e0254ab3b07133", size = 733428, upload-time = "2024-08-06T20:32:46.432Z" },
    { url = "https://files.pythonhosted.org/packages/a3/69/864fbe19e6c18ea3cc196cbe5d392175b4cf3d5d0ac1403ec3f2d237ebb5/PyYAML-6.0.2-cp313-cp313-manylinux_2_17_s390x.manylinux2014_s390x.whl", hash = "sha256:17e311b6c678207928d649faa7cb0d7b4c26a0ba73d41e99c4fff6b6c3276484", size = 763361, upload-time = "2024-08-06T20:32:51.188Z" },
    { url = "https://files.pythonhosted.org/packages/04/24/b7721e4845c2f162d26f50521b825fb061bc0a5afcf9a386840f23ea19fa/PyYAML-6.0.2-cp313-cp313-manylinux_2_17_x86_64.manylinux2014_x86_64.whl", hash = "sha256:70b189594dbe54f75ab3a1acec5f1e3faa7e8cf2f1e08d9b561cb41b845f69d5", size = 759523, upload-time = "2024-08-06T20:32:53.019Z" },
    { url = "https://files.pythonhosted.org/packages/2b/b2/e3234f59ba06559c6ff63c4e10baea10e5e7df868092bf9ab40e5b9c56b6/PyYAML-6.0.2-cp313-cp313-musllinux_1_1_aarch64.whl", hash = "sha256:41e4e3953a79407c794916fa277a82531dd93aad34e29c2a514c2c0c5fe971cc", size = 726660, upload-time = "2024-08-06T20:32:54.708Z" },
    { url = "https://files.pythonhosted.org/packages/fe/0f/25911a9f080464c59fab9027482f822b86bf0608957a5fcc6eaac85aa515/PyYAML-6.0.2-cp313-cp313-musllinux_1_1_x86_64.whl", hash = "sha256:68ccc6023a3400877818152ad9a1033e3db8625d899c72eacb5a668902e4d652", size = 751597, upload-time = "2024-08-06T20:32:56.985Z" },
    { url = "https://files.pythonhosted.org/packages/14/0d/e2c3b43bbce3cf6bd97c840b46088a3031085179e596d4929729d8d68270/PyYAML-6.0.2-cp313-cp313-win32.whl", hash = "sha256:bc2fa7c6b47d6bc618dd7fb02ef6fdedb1090ec036abab80d4681424b84c1183", size = 140527, upload-time = "2024-08-06T20:33:03.001Z" },
    { url = "https://files.pythonhosted.org/packages/fa/de/02b54f42487e3d3c6efb3f89428677074ca7bf43aae402517bc7cca949f3/PyYAML-6.0.2-cp313-cp313-win_amd64.whl", hash = "sha256:8388ee1976c416731879ac16da0aff3f63b286ffdd57cdeb95f3f2e085687563", size = 156446, upload-time = "2024-08-06T20:33:04.33Z" },
]

[[package]]
name = "requests"
version = "2.32.3"
source = { registry = "https://pypi.org/simple" }
dependencies = [
    { name = "certifi" },
    { name = "charset-normalizer" },
    { name = "idna" },
    { name = "urllib3" },
]
sdist = { url = "https://files.pythonhosted.org/packages/63/70/2bf7780ad2d390a8d301ad0b550f1581eadbd9a20f896afe06353c2a2913/requests-2.32.3.tar.gz", hash = "sha256:55365417734eb18255590a9ff9eb97e9e1da868d4ccd6402399eaf68af20a760", size = 131218, upload-time = "2024-05-29T15:37:49.536Z" }
wheels = [
    { url = "https://files.pythonhosted.org/packages/f9/9b/335f9764261e915ed497fcdeb11df5dfd6f7bf257d4a6a2a686d80da4d54/requests-2.32.3-py3-none-any.whl", hash = "sha256:70761cfe03c773ceb22aa2f671b4757976145175cdfca038c02654d061d6dcc6", size = 64928, upload-time = "2024-05-29T15:37:47.027Z" },
]

[[package]]
name = "ruff"
version = "0.11.4"
source = { registry = "https://pypi.org/simple" }
sdist = { url = "https://files.pythonhosted.org/packages/e8/5b/3ae20f89777115944e89c2d8c2e795dcc5b9e04052f76d5347e35e0da66e/ruff-0.11.4.tar.gz", hash = "sha256:f45bd2fb1a56a5a85fae3b95add03fb185a0b30cf47f5edc92aa0355ca1d7407", size = 3933063, upload-time = "2025-04-04T18:24:52.197Z" }
wheels = [
    { url = "https://files.pythonhosted.org/packages/9c/db/baee59ac88f57527fcbaad3a7b309994e42329c6bc4d4d2b681a3d7b5426/ruff-0.11.4-py3-none-linux_armv6l.whl", hash = "sha256:d9f4a761ecbde448a2d3e12fb398647c7f0bf526dbc354a643ec505965824ed2", size = 10106493, upload-time = "2025-04-04T18:23:56.751Z" },
    { url = "https://files.pythonhosted.org/packages/c1/d6/9a0962cbb347f4ff98b33d699bf1193ff04ca93bed4b4222fd881b502154/ruff-0.11.4-py3-none-macosx_10_12_x86_64.whl", hash = "sha256:8c1747d903447d45ca3d40c794d1a56458c51e5cc1bc77b7b64bd2cf0b1626cc", size = 10876382, upload-time = "2025-04-04T18:24:02.391Z" },
    { url = "https://files.pythonhosted.org/packages/3a/8f/62bab0c7d7e1ae3707b69b157701b41c1ccab8f83e8501734d12ea8a839f/ruff-0.11.4-py3-none-macosx_11_0_arm64.whl", hash = "sha256:51a6494209cacca79e121e9b244dc30d3414dac8cc5afb93f852173a2ecfc906", size = 10237050, upload-time = "2025-04-04T18:24:05.387Z" },
    { url = "https://files.pythonhosted.org/packages/09/96/e296965ae9705af19c265d4d441958ed65c0c58fc4ec340c27cc9d2a1f5b/ruff-0.11.4-py3-none-manylinux_2_17_aarch64.manylinux2014_aarch64.whl", hash = "sha256:3f171605f65f4fc49c87f41b456e882cd0c89e4ac9d58e149a2b07930e1d466f", size = 10424984, upload-time = "2025-04-04T18:24:08.134Z" },
    { url = "https://files.pythonhosted.org/packages/e5/56/644595eb57d855afed6e54b852e2df8cd5ca94c78043b2f29bdfb29882d5/ruff-0.11.4-py3-none-manylinux_2_17_armv7l.manylinux2014_armv7l.whl", hash = "sha256:ebf99ea9af918878e6ce42098981fc8c1db3850fef2f1ada69fb1dcdb0f8e79e", size = 9957438, upload-time = "2025-04-04T18:24:11.061Z" },
    { url = "https://files.pythonhosted.org/packages/86/83/9d3f3bed0118aef3e871ded9e5687fb8c5776bde233427fd9ce0a45db2d4/ruff-0.11.4-py3-none-manylinux_2_17_i686.manylinux2014_i686.whl", hash = "sha256:edad2eac42279df12e176564a23fc6f4aaeeb09abba840627780b1bb11a9d223", size = 11547282, upload-time = "2025-04-04T18:24:13.739Z" },
    { url = "https://files.pythonhosted.org/packages/40/e6/0c6e4f5ae72fac5ccb44d72c0111f294a5c2c8cc5024afcb38e6bda5f4b3/ruff-0.11.4-py3-none-manylinux_2_17_ppc64.manylinux2014_ppc64.whl", hash = "sha256:f103a848be9ff379fc19b5d656c1f911d0a0b4e3e0424f9532ececf319a4296e", size = 12182020, upload-time = "2025-04-04T18:24:16.799Z" },
    { url = "https://files.pythonhosted.org/packages/b5/92/4aed0e460aeb1df5ea0c2fbe8d04f9725cccdb25d8da09a0d3f5b8764bf8/ruff-0.11.4-py3-none-manylinux_2_17_ppc64le.manylinux2014_ppc64le.whl", hash = "sha256:193e6fac6eb60cc97b9f728e953c21cc38a20077ed64f912e9d62b97487f3f2d", size = 11679154, upload-time = "2025-04-04T18:24:19.797Z" },
    { url = "https://files.pythonhosted.org/packages/1b/d3/7316aa2609f2c592038e2543483eafbc62a0e1a6a6965178e284808c095c/ruff-0.11.4-py3-none-manylinux_2_17_s390x.manylinux2014_s390x.whl", hash = "sha256:7af4e5f69b7c138be8dcffa5b4a061bf6ba6a3301f632a6bce25d45daff9bc99", size = 13905985, upload-time = "2025-04-04T18:24:24.542Z" },
    { url = "https://files.pythonhosted.org/packages/63/80/734d3d17546e47ff99871f44ea7540ad2bbd7a480ed197fe8a1c8a261075/ruff-0.11.4-py3-none-manylinux_2_17_x86_64.manylinux2014_x86_64.whl", hash = "sha256:126b1bf13154aa18ae2d6c3c5efe144ec14b97c60844cfa6eb960c2a05188222", size = 11348343, upload-time = "2025-04-04T18:24:27.742Z" },
    { url = "https://files.pythonhosted.org/packages/04/7b/70fc7f09a0161dce9613a4671d198f609e653d6f4ff9eee14d64c4c240fb/ruff-0.11.4-py3-none-musllinux_1_2_aarch64.whl", hash = "sha256:e8806daaf9dfa881a0ed603f8a0e364e4f11b6ed461b56cae2b1c0cab0645304", size = 10308487, upload-time = "2025-04-04T18:24:30.59Z" },
    { url = "https://files.pythonhosted.org/packages/1a/22/1cdd62dabd678d75842bf4944fd889cf794dc9e58c18cc547f9eb28f95ed/ruff-0.11.4-py3-none-musllinux_1_2_armv7l.whl", hash = "sha256:5d94bb1cc2fc94a769b0eb975344f1b1f3d294da1da9ddbb5a77665feb3a3019", size = 9929091, upload-time = "2025-04-04T18:24:33.24Z" },
    { url = "https://files.pythonhosted.org/packages/9f/20/40e0563506332313148e783bbc1e4276d657962cc370657b2fff20e6e058/ruff-0.11.4-py3-none-musllinux_1_2_i686.whl", hash = "sha256:995071203d0fe2183fc7a268766fd7603afb9996785f086b0d76edee8755c896", size = 10924659, upload-time = "2025-04-04T18:24:36.728Z" },
    { url = "https://files.pythonhosted.org/packages/b5/41/eef9b7aac8819d9e942f617f9db296f13d2c4576806d604aba8db5a753f1/ruff-0.11.4-py3-none-musllinux_1_2_x86_64.whl", hash = "sha256:7a37ca937e307ea18156e775a6ac6e02f34b99e8c23fe63c1996185a4efe0751", size = 11428160, upload-time = "2025-04-04T18:24:40.08Z" },
    { url = "https://files.pythonhosted.org/packages/ff/61/c488943414fb2b8754c02f3879de003e26efdd20f38167ded3fb3fc1cda3/ruff-0.11.4-py3-none-win32.whl", hash = "sha256:0e9365a7dff9b93af933dab8aebce53b72d8f815e131796268709890b4a83270", size = 10311496, upload-time = "2025-04-04T18:24:42.94Z" },
    { url = "https://files.pythonhosted.org/packages/b6/2b/2a1c8deb5f5dfa3871eb7daa41492c4d2b2824a74d2b38e788617612a66d/ruff-0.11.4-py3-none-win_amd64.whl", hash = "sha256:5a9fa1c69c7815e39fcfb3646bbfd7f528fa8e2d4bebdcf4c2bd0fa037a255fb", size = 11399146, upload-time = "2025-04-04T18:24:45.651Z" },
    { url = "https://files.pythonhosted.org/packages/4f/03/3aec4846226d54a37822e4c7ea39489e4abd6f88388fba74e3d4abe77300/ruff-0.11.4-py3-none-win_arm64.whl", hash = "sha256:d435db6b9b93d02934cf61ef332e66af82da6d8c69aefdea5994c89997c7a0fc", size = 10450306, upload-time = "2025-04-04T18:24:49.603Z" },
]

[[package]]
name = "schema"
version = "0.0.0"
source = { virtual = "projects/schema" }
dependencies = [
    { name = "sqlalchemy" },
]

[package.metadata]
requires-dist = [{ name = "sqlalchemy", specifier = ">=2.0.37" }]

[[package]]
name = "scrape"
version = "0.0.0"
source = { virtual = "projects/scrape" }
dependencies = [
    { name = "beautifulsoup4" },
    { name = "requests" },
]

[package.metadata]
requires-dist = [
    { name = "beautifulsoup4", specifier = ">=4.13.4" },
    { name = "requests", specifier = ">=2.32.3" },
]

[[package]]
name = "soupsieve"
version = "2.7"
source = { registry = "https://pypi.org/simple" }
sdist = { url = "https://files.pythonhosted.org/packages/3f/f4/4a80cd6ef364b2e8b65b15816a843c0980f7a5a2b4dc701fc574952aa19f/soupsieve-2.7.tar.gz", hash = "sha256:ad282f9b6926286d2ead4750552c8a6142bc4c783fd66b0293547c8fe6ae126a", size = 103418, upload-time = "2025-04-20T18:50:08.518Z" }
wheels = [
    { url = "https://files.pythonhosted.org/packages/e7/9c/0e6afc12c269578be5c0c1c9f4b49a8d32770a080260c333ac04cc1c832d/soupsieve-2.7-py3-none-any.whl", hash = "sha256:6e60cc5c1ffaf1cebcc12e8188320b72071e922c2e897f737cadce79ad5d30c4", size = 36677, upload-time = "2025-04-20T18:50:07.196Z" },
]

[[package]]
name = "sqlalchemy"
version = "2.0.37"
source = { registry = "https://pypi.org/simple" }
dependencies = [
    { name = "greenlet", marker = "(python_full_version < '3.14' and platform_machine == 'AMD64') or (python_full_version < '3.14' and platform_machine == 'WIN32') or (python_full_version < '3.14' and platform_machine == 'aarch64') or (python_full_version < '3.14' and platform_machine == 'amd64') or (python_full_version < '3.14' and platform_machine == 'ppc64le') or (python_full_version < '3.14' and platform_machine == 'win32') or (python_full_version < '3.14' and platform_machine == 'x86_64')" },
    { name = "typing-extensions" },
]
sdist = { url = "https://files.pythonhosted.org/packages/3b/20/93ea2518df4d7a14ebe9ace9ab8bb92aaf7df0072b9007644de74172b06c/sqlalchemy-2.0.37.tar.gz", hash = "sha256:12b28d99a9c14eaf4055810df1001557176716de0167b91026e648e65229bffb", size = 9626249, upload-time = "2025-01-09T22:43:25.981Z" }
wheels = [
    { url = "https://files.pythonhosted.org/packages/45/d1/e63e56ceab148e69f545703a74b90c8c6dc0a04a857e4e63a4c07a23cf91/SQLAlchemy-2.0.37-cp313-cp313-macosx_10_13_x86_64.whl", hash = "sha256:8c4096727193762e72ce9437e2a86a110cf081241919ce3fab8e89c02f6b6658", size = 2097968, upload-time = "2025-01-10T00:36:47.779Z" },
    { url = "https://files.pythonhosted.org/packages/fd/e5/93ce63310347062bd42aaa8b6785615c78539787ef4380252fcf8e2dcee3/SQLAlchemy-2.0.37-cp313-cp313-macosx_11_0_arm64.whl", hash = "sha256:e4fb5ac86d8fe8151966814f6720996430462e633d225497566b3996966b9bdb", size = 2088445, upload-time = "2025-01-10T00:36:49.309Z" },
    { url = "https://files.pythonhosted.org/packages/1b/8c/d0e0081c09188dd26040fc8a09c7d87f539e1964df1ac60611b98ff2985a/SQLAlchemy-2.0.37-cp313-cp313-manylinux_2_17_aarch64.manylinux2014_aarch64.whl", hash = "sha256:e56a139bfe136a22c438478a86f8204c1eb5eed36f4e15c4224e4b9db01cb3e4", size = 3174880, upload-time = "2025-01-10T02:37:01.904Z" },
    { url = "https://files.pythonhosted.org/packages/79/f7/3396038d8d4ea92c72f636a007e2fac71faae0b59b7e21af46b635243d09/SQLAlchemy-2.0.37-cp313-cp313-manylinux_2_17_x86_64.manylinux2014_x86_64.whl", hash = "sha256:2f95fc8e3f34b5f6b3effb49d10ac97c569ec8e32f985612d9b25dd12d0d2e94", size = 3188226, upload-time = "2025-01-10T00:56:37.639Z" },
    { url = "https://files.pythonhosted.org/packages/ef/33/7a1d85716b29c86a744ed43690e243cb0e9c32e3b68a67a97eaa6b49ef66/SQLAlchemy-2.0.37-cp313-cp313-musllinux_1_2_aarch64.whl", hash = "sha256:c505edd429abdfe3643fa3b2e83efb3445a34a9dc49d5f692dd087be966020e0", size = 3121425, upload-time = "2025-01-10T02:37:04.014Z" },
    { url = "https://files.pythonhosted.org/packages/27/11/fa63a77c88eb2f79bb8b438271fbacd66a546a438e4eaba32d62f11298e2/SQLAlchemy-2.0.37-cp313-cp313-musllinux_1_2_x86_64.whl", hash = "sha256:12b0f1ec623cccf058cf21cb544f0e74656618165b083d78145cafde156ea7b6", size = 3149589, upload-time = "2025-01-10T00:56:40.578Z" },
    { url = "https://files.pythonhosted.org/packages/b6/04/fcdd103b6871f2110460b8275d1c4828daa806997b0fa5a01c1cd7fd522d/SQLAlchemy-2.0.37-cp313-cp313-win32.whl", hash = "sha256:293f9ade06b2e68dd03cfb14d49202fac47b7bb94bffcff174568c951fbc7af2", size = 2070746, upload-time = "2025-01-09T23:00:00.985Z" },
    { url = "https://files.pythonhosted.org/packages/d4/7c/e024719205bdc1465b7b7d3d22ece8e1ad57bc7d76ef6ed78bb5f812634a/SQLAlchemy-2.0.37-cp313-cp313-win_amd64.whl", hash = "sha256:d70f53a0646cc418ca4853da57cf3ddddbccb8c98406791f24426f2dd77fd0e2", size = 2094612, upload-time = "2025-01-09T23:00:03.8Z" },
    { url = "https://files.pythonhosted.org/packages/3b/36/59cc97c365f2f79ac9f3f51446cae56dfd82c4f2dd98497e6be6de20fb91/SQLAlchemy-2.0.37-py3-none-any.whl", hash = "sha256:a8998bf9f8658bd3839cbc44ddbe982955641863da0c1efe5b00c1ab4f5c16b1", size = 1894113, upload-time = "2025-01-10T00:44:58.368Z" },
]

[[package]]
name = "sqlalchemy-access"
version = "2.0.3"
source = { registry = "https://pypi.org/simple" }
dependencies = [
    { name = "pyodbc" },
    { name = "pywin32" },
    { name = "sqlalchemy" },
]
sdist = { url = "https://files.pythonhosted.org/packages/3f/e3/02801e7b150342be8b7146227beb7943723511eb2f074bb836eae05e7578/sqlalchemy_access-2.0.3.tar.gz", hash = "sha256:89174a94e0ebd6c32470282d143aef0c0fbe3aafdee2c40956cd417648cb317e", size = 18011, upload-time = "2024-09-08T14:16:16.866Z" }
wheels = [
    { url = "https://files.pythonhosted.org/packages/95/7a/3b1e307688795342f977d54b6f9d56665860455663859bd459ee117f7179/sqlalchemy_access-2.0.3-py3-none-any.whl", hash = "sha256:e50dba5cbf346ad1599ee87ff83260f70c39b555b0277bc63321fefa7f022e48", size = 13980, upload-time = "2024-09-08T14:16:15.073Z" },
]

[[package]]
name = "ty"
version = "0.0.1a17"
source = { registry = "https://pypi.org/simple" }
sdist = { url = "https://files.pythonhosted.org/packages/9a/59/f29cf1adc5c5dd6e739e08138dfa2435d3210841c6b6aa4d5bee7203cabf/ty-0.0.1a17.tar.gz", hash = "sha256:8bd0c5722c630b46a136ffc8f273f47d46cf00d9df2b0c72f1bfd28d1908a7c2", size = 4037064, upload-time = "2025-08-06T12:13:55.862Z" }
wheels = [
    { url = "https://files.pythonhosted.org/packages/71/76/1275e4b02a74dbff40408c608dcccb758245173bd794618dadcb092e384f/ty-0.0.1a17-py3-none-linux_armv6l.whl", hash = "sha256:c16b109f05ab34f084b98b9da84c795a23780c9a2f44c237464e52efc5f97139", size = 7970950, upload-time = "2025-08-06T12:13:24.031Z" },
    { url = "https://files.pythonhosted.org/packages/df/15/10947e3a0993b02acb563fa958fb9334937615195dbe6efd17c889d1925d/ty-0.0.1a17-py3-none-macosx_10_12_x86_64.whl", hash = "sha256:59e2db756b2b727723ebee58c2e00f172e00a60083a49c8522a19e81887dbc71", size = 8117684, upload-time = "2025-08-06T12:13:26.035Z" },
    { url = "https://files.pythonhosted.org/packages/c0/73/1f982b361b0f161dad3181739f6dc010252e17d5eb8eea625d88f03deb23/ty-0.0.1a17-py3-none-macosx_11_0_arm64.whl", hash = "sha256:79b6d76d64f86414d482f08e09433bedd3e489a1973fa1226b457d4935b592a3", size = 7721774, upload-time = "2025-08-06T12:13:27.528Z" },
    { url = "https://files.pythonhosted.org/packages/d2/fc/a8837d4c1e395730157b16f379f4204035bb75e3fc815a1238c02bab2655/ty-0.0.1a17-py3-none-manylinux_2_17_aarch64.manylinux2014_aarch64.whl", hash = "sha256:bdbc144e7d7a5c8dc102715870bf211b51efe581e952a933a0fcba2df9d6ac8d", size = 7841709, upload-time = "2025-08-06T12:13:29.726Z" },
    { url = "https://files.pythonhosted.org/packages/c4/ae/1f69a9aa9f3092c7c1e3bf8e8d2d3db4a7a03108432fc02af24e313c8deb/ty-0.0.1a17-py3-none-manylinux_2_17_armv7l.manylinux2014_armv7l.whl", hash = "sha256:677388fbe5b9e75764dd8b520eff9c3273f9749ece5425eb34e6fa1359430e3b", size = 7811651, upload-time = "2025-08-06T12:13:31.448Z" },
    { url = "https://files.pythonhosted.org/packages/f9/d8/561283da06dd8f7da44543af9e4a7fde1716f1fe174dde073f78ea291b35/ty-0.0.1a17-py3-none-manylinux_2_17_i686.manylinux2014_i686.whl", hash = "sha256:cdaa4baee9f559ee5bb36b66ad0635e2e4308c6937e8e655a4d4ae1bcf736ad0", size = 8702850, upload-time = "2025-08-06T12:13:34.484Z" },
    { url = "https://files.pythonhosted.org/packages/8a/10/da263a67fea576027b65d78a7d2a55d9829aa22b17e0e10d4201b8d6bd8c/ty-0.0.1a17-py3-none-manylinux_2_17_ppc64.manylinux2014_ppc64.whl", hash = "sha256:a0637f80301e7a961b87df2e01db22e8f764cd46d371a73b9a968e1894c334ab", size = 9188621, upload-time = "2025-08-06T12:13:36.206Z" },
    { url = "https://files.pythonhosted.org/packages/ef/e3/e0d2c55df43ecf1bd5f11859fd9f8dd8536643ce1433aec6b8c8bf3b2865/ty-0.0.1a17-py3-none-manylinux_2_17_ppc64le.manylinux2014_ppc64le.whl", hash = "sha256:749622726587e758fbbb530d1ab293b7489476cd5502c3ac5da5d6b042bb6a1b", size = 8795061, upload-time = "2025-08-06T12:13:37.99Z" },
    { url = "https://files.pythonhosted.org/packages/2d/3c/ad62544ad7982cb4029f7901953ede9a27c7f6a3afef207fef6a4c6ebfce/ty-0.0.1a17-py3-none-manylinux_2_17_s390x.manylinux2014_s390x.whl", hash = "sha256:5f1cb91c4b79127193829ab2d1bda79a86ab782fcbdf2988b5a3af37a44a7ae2", size = 8643000, upload-time = "2025-08-06T12:13:40.075Z" },
    { url = "https://files.pythonhosted.org/packages/c5/cb/029bf9f24bb5c5c7c4b139d1f131b19530303fcdd8141607a8d065a87f74/ty-0.0.1a17-py3-none-manylinux_2_17_x86_64.manylinux2014_x86_64.whl", hash = "sha256:7310e783c54f4f9b2380e050b2e992ccbebcf7e73748689f1d8408199cc5a14e", size = 8432265, upload-time = "2025-08-06T12:13:41.631Z" },
    { url = "https://files.pythonhosted.org/packages/ee/6c/b4c7ba46218953a822f17813ed2d86238a04ca7937de286841a2c18ff857/ty-0.0.1a17-py3-none-musllinux_1_2_aarch64.whl", hash = "sha256:96681e474600811066bf42e3e2cfac7603b7ca1da065fb4f852f94f3df9c944a", size = 7730711, upload-time = "2025-08-06T12:13:43.32Z" },
    { url = "https://files.pythonhosted.org/packages/74/fd/f3aa541e1b7e1d0becf9f28e44e986ae5eb556f827a5312011026938d197/ty-0.0.1a17-py3-none-musllinux_1_2_armv7l.whl", hash = "sha256:0ddc72485af203a70267c522ff6ab6cf648ea0a065a7fa542e9e9552c83cdaee", size = 7836927, upload-time = "2025-08-06T12:13:44.614Z" },
    { url = "https://files.pythonhosted.org/packages/94/06/7d8b4b52af385a20705cc063a7f9c144aae3b6aaef165ad2fcc029c9f755/ty-0.0.1a17-py3-none-musllinux_1_2_i686.whl", hash = "sha256:7b05f97cc5149b01cb979b9b6b2d773055fb482e490d7169d7c3a213de07ade5", size = 8304523, upload-time = "2025-08-06T12:13:45.983Z" },
    { url = "https://files.pythonhosted.org/packages/6d/a6/e14d4600339a6654e9ccc90ad9662a116f9544e0afb8d0abf1c99d6a2c2d/ty-0.0.1a17-py3-none-musllinux_1_2_x86_64.whl", hash = "sha256:8f80d9b5bc8681fe072ede10d4052035ec1f54c194532932e6c4230a2a5526e5", size = 8492400, upload-time = "2025-08-06T12:13:47.406Z" },
    { url = "https://files.pythonhosted.org/packages/ab/90/19dac956ab9f1ad04b4d1a38df856b44f237b3eda5af5b76a29439e64165/ty-0.0.1a17-py3-none-win32.whl", hash = "sha256:c3ba585145c4a019cb31001a1d0bd606e01fe01b285a20188a42eba165dddd50", size = 7617341, upload-time = "2025-08-06T12:13:49.093Z" },
    { url = "https://files.pythonhosted.org/packages/f5/94/08e2b3f6bc0af97abcd3fcc8ea28797a627296613256ae37e98043c871ca/ty-0.0.1a17-py3-none-win_amd64.whl", hash = "sha256:7d00b569ebd4635c58840d2ed9e1d2d8b36f496619c0bc0c8d1777767786b508", size = 8230727, upload-time = "2025-08-06T12:13:50.705Z" },
    { url = "https://files.pythonhosted.org/packages/98/c6/207bbc2f3bb71df4b1aeabe8e9c31a1cd22c72aff0ab9c1a832b9ae54f6e/ty-0.0.1a17-py3-none-win_arm64.whl", hash = "sha256:636eacc1dceaf09325415a70a03cd57eae53e5c7f281813aaa943a698a45cddb", size = 7782847, upload-time = "2025-08-06T12:13:54.243Z" },
]

[[package]]
name = "types-beautifulsoup4"
version = "4.12.0.20250204"
source = { registry = "https://pypi.org/simple" }
dependencies = [
    { name = "types-html5lib" },
]
sdist = { url = "https://files.pythonhosted.org/packages/11/6c/00fd71754ac3babe121c73b52e0de7ec05acd627edcb7ee652223c084d69/types_beautifulsoup4-4.12.0.20250204.tar.gz", hash = "sha256:f083d8edcbd01279f8c3995b56cfff2d01f1bb894c3b502ba118d36fbbc495bf", size = 16641, upload-time = "2025-02-04T02:39:16.241Z" }
wheels = [
    { url = "https://files.pythonhosted.org/packages/b1/ec/9097e9f7f5901e4d7834c7e0bc8f775f9ffa448ae31471457a1ebafeb4c5/types_beautifulsoup4-4.12.0.20250204-py3-none-any.whl", hash = "sha256:57ce9e75717b63c390fd789c787d267a67eb01fa6d800a03b9bdde2e877ed1eb", size = 17061, upload-time = "2025-02-04T02:39:14.559Z" },
]

[[package]]
name = "types-html5lib"
version = "1.1.11.20241018"
source = { registry = "https://pypi.org/simple" }
sdist = { url = "https://files.pythonhosted.org/packages/b6/9d/f6fbcc8246f5e46845b4f989c4e17e6fb3ce572f7065b185e515bf8a3be7/types-html5lib-1.1.11.20241018.tar.gz", hash = "sha256:98042555ff78d9e3a51c77c918b1041acbb7eb6c405408d8a9e150ff5beccafa", size = 11370, upload-time = "2024-10-18T02:44:50.087Z" }
wheels = [
    { url = "https://files.pythonhosted.org/packages/ba/7c/f862b1dc31268ef10fe95b43dcdf216ba21a592fafa2d124445cd6b92e93/types_html5lib-1.1.11.20241018-py3-none-any.whl", hash = "sha256:3f1e064d9ed2c289001ae6392c84c93833abb0816165c6ff0abfc304a779f403", size = 17292, upload-time = "2024-10-18T02:44:48.503Z" },
]

[[package]]
name = "types-requests"
version = "2.32.0.20250328"
source = { registry = "https://pypi.org/simple" }
dependencies = [
    { name = "urllib3" },
]
sdist = { url = "https://files.pythonhosted.org/packages/00/7d/eb174f74e3f5634eaacb38031bbe467dfe2e545bc255e5c90096ec46bc46/types_requests-2.32.0.20250328.tar.gz", hash = "sha256:c9e67228ea103bd811c96984fac36ed2ae8da87a36a633964a21f199d60baf32", size = 22995, upload-time = "2025-03-28T02:55:13.271Z" }
wheels = [
    { url = "https://files.pythonhosted.org/packages/cc/15/3700282a9d4ea3b37044264d3e4d1b1f0095a4ebf860a99914fd544e3be3/types_requests-2.32.0.20250328-py3-none-any.whl", hash = "sha256:72ff80f84b15eb3aa7a8e2625fffb6a93f2ad5a0c20215fc1dcfa61117bcb2a2", size = 20663, upload-time = "2025-03-28T02:55:11.946Z" },
]

[[package]]
name = "typing-extensions"
version = "4.12.2"
source = { registry = "https://pypi.org/simple" }
sdist = { url = "https://files.pythonhosted.org/packages/df/db/f35a00659bc03fec321ba8bce9420de607a1d37f8342eee1863174c69557/typing_extensions-4.12.2.tar.gz", hash = "sha256:1a7ead55c7e559dd4dee8856e3a88b41225abfe1ce8df57b7c13915fe121ffb8", size = 85321, upload-time = "2024-06-07T18:52:15.995Z" }
wheels = [
    { url = "https://files.pythonhosted.org/packages/26/9f/ad63fc0248c5379346306f8668cda6e2e2e9c95e01216d2b8ffd9ff037d0/typing_extensions-4.12.2-py3-none-any.whl", hash = "sha256:04e5ca0351e0f3f85c6853954072df659d0d13fac324d0072316b67d7794700d", size = 37438, upload-time = "2024-06-07T18:52:13.582Z" },
]

[[package]]
name = "urllib3"
version = "2.3.0"
source = { registry = "https://pypi.org/simple" }
sdist = { url = "https://files.pythonhosted.org/packages/aa/63/e53da845320b757bf29ef6a9062f5c669fe997973f966045cb019c3f4b66/urllib3-2.3.0.tar.gz", hash = "sha256:f8c5449b3cf0861679ce7e0503c7b44b5ec981bec0d1d3795a07f1ba96f0204d", size = 307268, upload-time = "2024-12-22T07:47:30.032Z" }
wheels = [
    { url = "https://files.pythonhosted.org/packages/c8/19/4ec628951a74043532ca2cf5d97b7b14863931476d117c471e8e2b1eb39f/urllib3-2.3.0-py3-none-any.whl", hash = "sha256:1cee9ad369867bfdbbb48b7dd50374c0967a0bb7710050facf0dd6911440e3df", size = 128369, upload-time = "2024-12-22T07:47:28.074Z" },
]
