version = 1
requires-python = ">=3.12"

[[package]]
name = "adbc-driver-manager"
version = "1.3.0"
source = { registry = "https://pypi.org/simple" }
dependencies = [
    { name = "typing-extensions" },
]
sdist = { url = "https://files.pythonhosted.org/packages/1a/31/223cb849dc22388a4a11729a319df0d5b8dda580cbd5fe8e038d4d87dbea/adbc_driver_manager-1.3.0.tar.gz", hash = "sha256:8b1367e0a043d1c1f07f10c0c25dabe155449276e2f2128e1c8d9426629053eb", size = 107723 }
wheels = [
    { url = "https://files.pythonhosted.org/packages/f2/a2/586ca5303c234e1534d6c23dbc06543a1831017e53a9bdb9967a2a7c959e/adbc_driver_manager-1.3.0-cp312-cp312-macosx_10_15_x86_64.whl", hash = "sha256:cebb6e7709b1d60fbc7be279bb8949d3d6d5c1ae5aca5e18cf827f66451e3601", size = 381430 },
    { url = "https://files.pythonhosted.org/packages/65/df/181feb4b4feab2b3f177592101fa8923de9f5a8c99460dd046bd13e08356/adbc_driver_manager-1.3.0-cp312-cp312-macosx_11_0_arm64.whl", hash = "sha256:75be3cd1e69b868f303d9685d0b73ae55a026e1cf256065dfa7fb287534a9695", size = 365697 },
    { url = "https://files.pythonhosted.org/packages/10/4b/48463b1960dafd42faf68838d9338673a04cf4217357bb0d13b540fdb344/adbc_driver_manager-1.3.0-cp312-cp312-manylinux_2_17_aarch64.manylinux2014_aarch64.whl", hash = "sha256:42f07d64ba0016b5f1f9a1220c9bff19997296edceb428527c84106a301b9c8e", size = 2129073 },
    { url = "https://files.pythonhosted.org/packages/d7/31/ad61c15fc77be10f5fdaca9294bc44c23429072c638dc39383bf79c39987/adbc_driver_manager-1.3.0-cp312-cp312-manylinux_2_17_x86_64.manylinux2014_x86_64.whl", hash = "sha256:d4853b0a95c34a6c51f0c3e2f848f2fb24761914e08b93db6387166eabf5f9d5", size = 2161148 },
    { url = "https://files.pythonhosted.org/packages/65/ef/c628399e3c386215e2f26c7bb0beafb7ee5a6866b3b3e26008d376decc3a/adbc_driver_manager-1.3.0-cp312-cp312-win_amd64.whl", hash = "sha256:0646996a7bbd31b321a16810f7110e9155b08607c0a83fed97414ad1bd2cac9e", size = 542982 },
    { url = "https://files.pythonhosted.org/packages/2a/da/2199638bd04349242052708b6b4b96d8efd720dc771917fc525353d8ac00/adbc_driver_manager-1.3.0-cp313-cp313-macosx_10_15_x86_64.whl", hash = "sha256:4af4c5220a055cbbb7c2159b65a39203c8b94014d80ab13bd3a9a92c91f248f5", size = 379613 },
    { url = "https://files.pythonhosted.org/packages/57/18/f2b5a20ccc79d3c4a26e8dd5d26fd90c46fcf3bf21637de55ef4674b9c24/adbc_driver_manager-1.3.0-cp313-cp313-macosx_11_0_arm64.whl", hash = "sha256:8ec7eba6c41d9b880a3268ffcba77f664a1a8f72b362b6930851c75ca4ee1ee7", size = 363416 },
    { url = "https://files.pythonhosted.org/packages/08/c9/54ba4dd86d405ecef5730260c42467d285f7bb2659b8a1171d9627cd588f/adbc_driver_manager-1.3.0-cp313-cp313-manylinux_2_17_aarch64.manylinux2014_aarch64.whl", hash = "sha256:98c529d5c0a6bed54e9c0d961a864ebf395ff0b3d55367e3b31fee49f3f02d41", size = 2123358 },
    { url = "https://files.pythonhosted.org/packages/35/09/e72cf7e758010ce06cb8e98b7de850749d6da751eca1c51be4221a2ddd67/adbc_driver_manager-1.3.0-cp313-cp313-manylinux_2_17_x86_64.manylinux2014_x86_64.whl", hash = "sha256:a3d0235f347749577d4484a470b7555643f13a57cf3cd5fec1c13de5c8294cb5", size = 2156249 },
    { url = "https://files.pythonhosted.org/packages/2a/a7/a97c778466e0fca5ebb8566794f07334689a086f3564d1250608bb943494/adbc_driver_manager-1.3.0-cp313-cp313-win_amd64.whl", hash = "sha256:0d327006f5993385b3625e3524a851ea7050aa3b1716bddd52c8892ac9c42145", size = 541793 },
]

[[package]]
name = "adbc-driver-sqlite"
version = "1.3.0"
source = { registry = "https://pypi.org/simple" }
dependencies = [
    { name = "adbc-driver-manager" },
    { name = "importlib-resources" },
]
sdist = { url = "https://files.pythonhosted.org/packages/9a/70/5c02d28accd174b804332fe412eb2c16629c832807d1fa9e9ef5c619353a/adbc_driver_sqlite-1.3.0.tar.gz", hash = "sha256:0c2b50d5f773aae46fd63f62362520b733418719bd2f04f82775db79f5d70146", size = 16995 }
wheels = [
    { url = "https://files.pythonhosted.org/packages/bc/fc/fd9b63d5457696a9d2322a6be56dd505f7d80f3fc5e3a6151e93ad5924b7/adbc_driver_sqlite-1.3.0-py3-none-macosx_10_15_x86_64.whl", hash = "sha256:6a4348fc23913c34232bc32732785f1378f98a2b5aa1882a41210ce4b7af90c4", size = 1040868 },
    { url = "https://files.pythonhosted.org/packages/f5/4d/aee53789b191bd053da16a0d5381d10bacf449568a7463ca2d02afd2f4ca/adbc_driver_sqlite-1.3.0-py3-none-macosx_11_0_arm64.whl", hash = "sha256:e9fd10454bea26bc34fb114c5449d09084451b5bb06b9f98c73bfcac795dc823", size = 1011267 },
    { url = "https://files.pythonhosted.org/packages/5e/b7/b863ecea1ed97a78e8f1ded055c3779533a22420126bba394b89b9cc9283/adbc_driver_sqlite-1.3.0-py3-none-manylinux_2_28_aarch64.whl", hash = "sha256:1f0314b1e58bafe1643ec41b149ef11ca319bc733c003ea148939d0f4a54c5d2", size = 916402 },
    { url = "https://files.pythonhosted.org/packages/e6/54/bb51e78fdcd4c7088b71764eecf337cb1534b49c73e991a02f5d12343cf0/adbc_driver_sqlite-1.3.0-py3-none-manylinux_2_28_x86_64.whl", hash = "sha256:0a6968d01f7b97e4aa7a15d7e280693a46fc429c74b32108eb04533a4c77af3e", size = 953727 },
    { url = "https://files.pythonhosted.org/packages/11/d8/15a7386d796ed870f84bc7babc4eb669c5949fc9ea12c2ca87f3f48ffeca/adbc_driver_sqlite-1.3.0-py3-none-win_amd64.whl", hash = "sha256:0359815f5d351e472cfc56edb1d9bbf511b993ea7cddc48075e494369c2f978f", size = 863001 },
]

[[package]]
name = "certifi"
version = "2024.12.14"
source = { registry = "https://pypi.org/simple" }
sdist = { url = "https://files.pythonhosted.org/packages/0f/bd/1d41ee578ce09523c81a15426705dd20969f5abf006d1afe8aeff0dd776a/certifi-2024.12.14.tar.gz", hash = "sha256:b650d30f370c2b724812bee08008be0c4163b163ddaec3f2546c1caf65f191db", size = 166010 }
wheels = [
    { url = "https://files.pythonhosted.org/packages/a5/32/8f6669fc4798494966bf446c8c4a162e0b5d893dff088afddf76414f70e1/certifi-2024.12.14-py3-none-any.whl", hash = "sha256:1275f7a45be9464efc1173084eaa30f866fe2e47d389406136d332ed4967ec56", size = 164927 },
]

[[package]]
name = "charset-normalizer"
version = "3.4.1"
source = { registry = "https://pypi.org/simple" }
sdist = { url = "https://files.pythonhosted.org/packages/16/b0/572805e227f01586461c80e0fd25d65a2115599cc9dad142fee4b747c357/charset_normalizer-3.4.1.tar.gz", hash = "sha256:44251f18cd68a75b56585dd00dae26183e102cd5e0f9f1466e6df5da2ed64ea3", size = 123188 }
wheels = [
    { url = "https://files.pythonhosted.org/packages/0a/9a/dd1e1cdceb841925b7798369a09279bd1cf183cef0f9ddf15a3a6502ee45/charset_normalizer-3.4.1-cp312-cp312-macosx_10_13_universal2.whl", hash = "sha256:73d94b58ec7fecbc7366247d3b0b10a21681004153238750bb67bd9012414545", size = 196105 },
    { url = "https://files.pythonhosted.org/packages/d3/8c/90bfabf8c4809ecb648f39794cf2a84ff2e7d2a6cf159fe68d9a26160467/charset_normalizer-3.4.1-cp312-cp312-manylinux_2_17_aarch64.manylinux2014_aarch64.whl", hash = "sha256:dad3e487649f498dd991eeb901125411559b22e8d7ab25d3aeb1af367df5efd7", size = 140404 },
    { url = "https://files.pythonhosted.org/packages/ad/8f/e410d57c721945ea3b4f1a04b74f70ce8fa800d393d72899f0a40526401f/charset_normalizer-3.4.1-cp312-cp312-manylinux_2_17_ppc64le.manylinux2014_ppc64le.whl", hash = "sha256:c30197aa96e8eed02200a83fba2657b4c3acd0f0aa4bdc9f6c1af8e8962e0757", size = 150423 },
    { url = "https://files.pythonhosted.org/packages/f0/b8/e6825e25deb691ff98cf5c9072ee0605dc2acfca98af70c2d1b1bc75190d/charset_normalizer-3.4.1-cp312-cp312-manylinux_2_17_s390x.manylinux2014_s390x.whl", hash = "sha256:2369eea1ee4a7610a860d88f268eb39b95cb588acd7235e02fd5a5601773d4fa", size = 143184 },
    { url = "https://files.pythonhosted.org/packages/3e/a2/513f6cbe752421f16d969e32f3583762bfd583848b763913ddab8d9bfd4f/charset_normalizer-3.4.1-cp312-cp312-manylinux_2_17_x86_64.manylinux2014_x86_64.whl", hash = "sha256:bc2722592d8998c870fa4e290c2eec2c1569b87fe58618e67d38b4665dfa680d", size = 145268 },
    { url = "https://files.pythonhosted.org/packages/74/94/8a5277664f27c3c438546f3eb53b33f5b19568eb7424736bdc440a88a31f/charset_normalizer-3.4.1-cp312-cp312-manylinux_2_5_i686.manylinux1_i686.manylinux_2_17_i686.manylinux2014_i686.whl", hash = "sha256:ffc9202a29ab3920fa812879e95a9e78b2465fd10be7fcbd042899695d75e616", size = 147601 },
    { url = "https://files.pythonhosted.org/packages/7c/5f/6d352c51ee763623a98e31194823518e09bfa48be2a7e8383cf691bbb3d0/charset_normalizer-3.4.1-cp312-cp312-musllinux_1_2_aarch64.whl", hash = "sha256:804a4d582ba6e5b747c625bf1255e6b1507465494a40a2130978bda7b932c90b", size = 141098 },
    { url = "https://files.pythonhosted.org/packages/78/d4/f5704cb629ba5ab16d1d3d741396aec6dc3ca2b67757c45b0599bb010478/charset_normalizer-3.4.1-cp312-cp312-musllinux_1_2_i686.whl", hash = "sha256:0f55e69f030f7163dffe9fd0752b32f070566451afe180f99dbeeb81f511ad8d", size = 149520 },
    { url = "https://files.pythonhosted.org/packages/c5/96/64120b1d02b81785f222b976c0fb79a35875457fa9bb40827678e54d1bc8/charset_normalizer-3.4.1-cp312-cp312-musllinux_1_2_ppc64le.whl", hash = "sha256:c4c3e6da02df6fa1410a7680bd3f63d4f710232d3139089536310d027950696a", size = 152852 },
    { url = "https://files.pythonhosted.org/packages/84/c9/98e3732278a99f47d487fd3468bc60b882920cef29d1fa6ca460a1fdf4e6/charset_normalizer-3.4.1-cp312-cp312-musllinux_1_2_s390x.whl", hash = "sha256:5df196eb874dae23dcfb968c83d4f8fdccb333330fe1fc278ac5ceeb101003a9", size = 150488 },
    { url = "https://files.pythonhosted.org/packages/13/0e/9c8d4cb99c98c1007cc11eda969ebfe837bbbd0acdb4736d228ccaabcd22/charset_normalizer-3.4.1-cp312-cp312-musllinux_1_2_x86_64.whl", hash = "sha256:e358e64305fe12299a08e08978f51fc21fac060dcfcddd95453eabe5b93ed0e1", size = 146192 },
    { url = "https://files.pythonhosted.org/packages/b2/21/2b6b5b860781a0b49427309cb8670785aa543fb2178de875b87b9cc97746/charset_normalizer-3.4.1-cp312-cp312-win32.whl", hash = "sha256:9b23ca7ef998bc739bf6ffc077c2116917eabcc901f88da1b9856b210ef63f35", size = 95550 },
    { url = "https://files.pythonhosted.org/packages/21/5b/1b390b03b1d16c7e382b561c5329f83cc06623916aab983e8ab9239c7d5c/charset_normalizer-3.4.1-cp312-cp312-win_amd64.whl", hash = "sha256:6ff8a4a60c227ad87030d76e99cd1698345d4491638dfa6673027c48b3cd395f", size = 102785 },
    { url = "https://files.pythonhosted.org/packages/38/94/ce8e6f63d18049672c76d07d119304e1e2d7c6098f0841b51c666e9f44a0/charset_normalizer-3.4.1-cp313-cp313-macosx_10_13_universal2.whl", hash = "sha256:aabfa34badd18f1da5ec1bc2715cadc8dca465868a4e73a0173466b688f29dda", size = 195698 },
    { url = "https://files.pythonhosted.org/packages/24/2e/dfdd9770664aae179a96561cc6952ff08f9a8cd09a908f259a9dfa063568/charset_normalizer-3.4.1-cp313-cp313-manylinux_2_17_aarch64.manylinux2014_aarch64.whl", hash = "sha256:22e14b5d70560b8dd51ec22863f370d1e595ac3d024cb8ad7d308b4cd95f8313", size = 140162 },
    { url = "https://files.pythonhosted.org/packages/24/4e/f646b9093cff8fc86f2d60af2de4dc17c759de9d554f130b140ea4738ca6/charset_normalizer-3.4.1-cp313-cp313-manylinux_2_17_ppc64le.manylinux2014_ppc64le.whl", hash = "sha256:8436c508b408b82d87dc5f62496973a1805cd46727c34440b0d29d8a2f50a6c9", size = 150263 },
    { url = "https://files.pythonhosted.org/packages/5e/67/2937f8d548c3ef6e2f9aab0f6e21001056f692d43282b165e7c56023e6dd/charset_normalizer-3.4.1-cp313-cp313-manylinux_2_17_s390x.manylinux2014_s390x.whl", hash = "sha256:2d074908e1aecee37a7635990b2c6d504cd4766c7bc9fc86d63f9c09af3fa11b", size = 142966 },
    { url = "https://files.pythonhosted.org/packages/52/ed/b7f4f07de100bdb95c1756d3a4d17b90c1a3c53715c1a476f8738058e0fa/charset_normalizer-3.4.1-cp313-cp313-manylinux_2_17_x86_64.manylinux2014_x86_64.whl", hash = "sha256:955f8851919303c92343d2f66165294848d57e9bba6cf6e3625485a70a038d11", size = 144992 },
    { url = "https://files.pythonhosted.org/packages/96/2c/d49710a6dbcd3776265f4c923bb73ebe83933dfbaa841c5da850fe0fd20b/charset_normalizer-3.4.1-cp313-cp313-manylinux_2_5_i686.manylinux1_i686.manylinux_2_17_i686.manylinux2014_i686.whl", hash = "sha256:44ecbf16649486d4aebafeaa7ec4c9fed8b88101f4dd612dcaf65d5e815f837f", size = 147162 },
    { url = "https://files.pythonhosted.org/packages/b4/41/35ff1f9a6bd380303dea55e44c4933b4cc3c4850988927d4082ada230273/charset_normalizer-3.4.1-cp313-cp313-musllinux_1_2_aarch64.whl", hash = "sha256:0924e81d3d5e70f8126529951dac65c1010cdf117bb75eb02dd12339b57749dd", size = 140972 },
    { url = "https://files.pythonhosted.org/packages/fb/43/c6a0b685fe6910d08ba971f62cd9c3e862a85770395ba5d9cad4fede33ab/charset_normalizer-3.4.1-cp313-cp313-musllinux_1_2_i686.whl", hash = "sha256:2967f74ad52c3b98de4c3b32e1a44e32975e008a9cd2a8cc8966d6a5218c5cb2", size = 149095 },
    { url = "https://files.pythonhosted.org/packages/4c/ff/a9a504662452e2d2878512115638966e75633519ec11f25fca3d2049a94a/charset_normalizer-3.4.1-cp313-cp313-musllinux_1_2_ppc64le.whl", hash = "sha256:c75cb2a3e389853835e84a2d8fb2b81a10645b503eca9bcb98df6b5a43eb8886", size = 152668 },
    { url = "https://files.pythonhosted.org/packages/6c/71/189996b6d9a4b932564701628af5cee6716733e9165af1d5e1b285c530ed/charset_normalizer-3.4.1-cp313-cp313-musllinux_1_2_s390x.whl", hash = "sha256:09b26ae6b1abf0d27570633b2b078a2a20419c99d66fb2823173d73f188ce601", size = 150073 },
    { url = "https://files.pythonhosted.org/packages/e4/93/946a86ce20790e11312c87c75ba68d5f6ad2208cfb52b2d6a2c32840d922/charset_normalizer-3.4.1-cp313-cp313-musllinux_1_2_x86_64.whl", hash = "sha256:fa88b843d6e211393a37219e6a1c1df99d35e8fd90446f1118f4216e307e48cd", size = 145732 },
    { url = "https://files.pythonhosted.org/packages/cd/e5/131d2fb1b0dddafc37be4f3a2fa79aa4c037368be9423061dccadfd90091/charset_normalizer-3.4.1-cp313-cp313-win32.whl", hash = "sha256:eb8178fe3dba6450a3e024e95ac49ed3400e506fd4e9e5c32d30adda88cbd407", size = 95391 },
    { url = "https://files.pythonhosted.org/packages/27/f2/4f9a69cc7712b9b5ad8fdb87039fd89abba997ad5cbe690d1835d40405b0/charset_normalizer-3.4.1-cp313-cp313-win_amd64.whl", hash = "sha256:b1ac5992a838106edb89654e0aebfc24f5848ae2547d22c2c3f66454daa11971", size = 102702 },
    { url = "https://files.pythonhosted.org/packages/0e/f6/65ecc6878a89bb1c23a086ea335ad4bf21a588990c3f535a227b9eea9108/charset_normalizer-3.4.1-py3-none-any.whl", hash = "sha256:d98b1668f06378c6dbefec3b92299716b931cd4e6061f3c875a71ced1780ab85", size = 49767 },
]

[[package]]
name = "dpm"
version = "0.1.0"
source = { editable = "." }
dependencies = [
    { name = "adbc-driver-manager" },
    { name = "adbc-driver-sqlite" },
    { name = "duckdb" },
    { name = "polars", extra = ["pyarrow"] },
    { name = "pyodbc" },
    { name = "requests" },
]

[package.metadata]
requires-dist = [
    { name = "adbc-driver-manager", specifier = ">=1.3.0" },
    { name = "adbc-driver-sqlite", specifier = ">=1.3.0" },
    { name = "duckdb", specifier = ">=1.1.3" },
    { name = "polars", extras = ["pyarrow"], specifier = ">=1.19.0" },
    { name = "pyodbc", specifier = ">=5.1.0" },
    { name = "requests", specifier = ">=2.32.3" },
]

[[package]]
name = "duckdb"
version = "1.1.3"
source = { registry = "https://pypi.org/simple" }
sdist = { url = "https://files.pythonhosted.org/packages/a0/d7/ec014b351b6bb026d5f473b1d0ec6bd6ba40786b9abbf530b4c9041d9895/duckdb-1.1.3.tar.gz", hash = "sha256:68c3a46ab08836fe041d15dcbf838f74a990d551db47cb24ab1c4576fc19351c", size = 12240672 }
wheels = [
    { url = "https://files.pythonhosted.org/packages/9b/ff/7ee500f4cff0d2a581c1afdf2c12f70ee3bf1a61041fea4d88934a35a7a3/duckdb-1.1.3-cp312-cp312-macosx_12_0_arm64.whl", hash = "sha256:a433ae9e72c5f397c44abdaa3c781d94f94f4065bcbf99ecd39433058c64cb38", size = 15482881 },
    { url = "https://files.pythonhosted.org/packages/28/16/dda10da6bde54562c3cb0002ca3b7678e3108fa73ac9b7509674a02c5249/duckdb-1.1.3-cp312-cp312-macosx_12_0_universal2.whl", hash = "sha256:d08308e0a46c748d9c30f1d67ee1143e9c5ea3fbcccc27a47e115b19e7e78aa9", size = 32349440 },
    { url = "https://files.pythonhosted.org/packages/2e/c2/06f7f7a51a1843c9384e1637abb6bbebc29367710ffccc7e7e52d72b3dd9/duckdb-1.1.3-cp312-cp312-macosx_12_0_x86_64.whl", hash = "sha256:5d57776539211e79b11e94f2f6d63de77885f23f14982e0fac066f2885fcf3ff", size = 16953473 },
    { url = "https://files.pythonhosted.org/packages/1a/84/9991221ef7dde79d85231f20646e1b12d645490cd8be055589276f62847e/duckdb-1.1.3-cp312-cp312-manylinux_2_17_aarch64.manylinux2014_aarch64.whl", hash = "sha256:e59087dbbb63705f2483544e01cccf07d5b35afa58be8931b224f3221361d537", size = 18491915 },
    { url = "https://files.pythonhosted.org/packages/aa/76/330fe16f12b7ddda0c664ba9869f3afbc8773dbe17ae750121d407dc0f37/duckdb-1.1.3-cp312-cp312-manylinux_2_17_x86_64.manylinux2014_x86_64.whl", hash = "sha256:4ebf5f60ddbd65c13e77cddb85fe4af671d31b851f125a4d002a313696af43f1", size = 20150288 },
    { url = "https://files.pythonhosted.org/packages/c4/88/e4b08b7a5d08c0f65f6c7a6594de64431ce7df38d7258511417ba7989ad3/duckdb-1.1.3-cp312-cp312-manylinux_2_24_aarch64.manylinux_2_28_aarch64.whl", hash = "sha256:e4ef7ba97a65bd39d66f2a7080e6fb60e7c3e41d4c1e19245f90f53b98e3ac32", size = 18296560 },
    { url = "https://files.pythonhosted.org/packages/1a/32/011e6e3ce14375a1ba01a588c119ad82be757f847c6b60207e0762d9ec3a/duckdb-1.1.3-cp312-cp312-musllinux_1_2_x86_64.whl", hash = "sha256:f58db1b65593ff796c8ea6e63e2e144c944dd3d51c8d8e40dffa7f41693d35d3", size = 21635270 },
    { url = "https://files.pythonhosted.org/packages/f2/eb/58d4e0eccdc7b3523c062d008ad9eef28edccf88591d1a78659c809fe6e8/duckdb-1.1.3-cp312-cp312-win_amd64.whl", hash = "sha256:e86006958e84c5c02f08f9b96f4bc26990514eab329b1b4f71049b3727ce5989", size = 10955715 },
    { url = "https://files.pythonhosted.org/packages/81/d1/2462492531d4715b2ede272a26519b37f21cf3f8c85b3eb88da5b7be81d8/duckdb-1.1.3-cp313-cp313-macosx_12_0_arm64.whl", hash = "sha256:0897f83c09356206ce462f62157ce064961a5348e31ccb2a557a7531d814e70e", size = 15483282 },
    { url = "https://files.pythonhosted.org/packages/af/a5/ec595aa223b911a62f24393908a8eaf8e0ed1c7c07eca5008f22aab070bc/duckdb-1.1.3-cp313-cp313-macosx_12_0_universal2.whl", hash = "sha256:cddc6c1a3b91dcc5f32493231b3ba98f51e6d3a44fe02839556db2b928087378", size = 32350342 },
    { url = "https://files.pythonhosted.org/packages/08/27/e35116ab1ada5e54e52424e52d16ee9ae82db129025294e19c1d48a8b2b1/duckdb-1.1.3-cp313-cp313-macosx_12_0_x86_64.whl", hash = "sha256:1d9ab6143e73bcf17d62566e368c23f28aa544feddfd2d8eb50ef21034286f24", size = 16953863 },
    { url = "https://files.pythonhosted.org/packages/0d/ac/f2db3969a56cd96a3ba78b0fd161939322fb134bd07c98ecc7a7015d3efa/duckdb-1.1.3-cp313-cp313-manylinux_2_17_aarch64.manylinux2014_aarch64.whl", hash = "sha256:2f073d15d11a328f2e6d5964a704517e818e930800b7f3fa83adea47f23720d3", size = 18494301 },
    { url = "https://files.pythonhosted.org/packages/cf/66/d0be7c9518b1b92185018bacd851f977a101c9818686f667bbf884abcfbc/duckdb-1.1.3-cp313-cp313-manylinux_2_17_x86_64.manylinux2014_x86_64.whl", hash = "sha256:d5724fd8a49e24d730be34846b814b98ba7c304ca904fbdc98b47fa95c0b0cee", size = 20150992 },
    { url = "https://files.pythonhosted.org/packages/47/ae/c2df66e3716705f48775e692a1b8accbf3dc6e2c27a0ae307fb4b063e115/duckdb-1.1.3-cp313-cp313-manylinux_2_24_aarch64.manylinux_2_28_aarch64.whl", hash = "sha256:51e7dbd968b393343b226ab3f3a7b5a68dee6d3fe59be9d802383bf916775cb8", size = 18297818 },
    { url = "https://files.pythonhosted.org/packages/8e/7e/10310b754b7ec3349c411a0a88ecbf327c49b5714e3d35200e69c13fb093/duckdb-1.1.3-cp313-cp313-musllinux_1_2_x86_64.whl", hash = "sha256:00cca22df96aa3473fe4584f84888e2cf1c516e8c2dd837210daec44eadba586", size = 21635169 },
    { url = "https://files.pythonhosted.org/packages/83/be/46c0b89c9d4e1ba90af9bc184e88672c04d420d41342e4dc359c78d05981/duckdb-1.1.3-cp313-cp313-win_amd64.whl", hash = "sha256:77f26884c7b807c7edd07f95cf0b00e6d47f0de4a534ac1706a58f8bc70d0d31", size = 10955826 },
]

[[package]]
name = "idna"
version = "3.10"
source = { registry = "https://pypi.org/simple" }
sdist = { url = "https://files.pythonhosted.org/packages/f1/70/7703c29685631f5a7590aa73f1f1d3fa9a380e654b86af429e0934a32f7d/idna-3.10.tar.gz", hash = "sha256:12f65c9b470abda6dc35cf8e63cc574b1c52b11df2c86030af0ac09b01b13ea9", size = 190490 }
wheels = [
    { url = "https://files.pythonhosted.org/packages/76/c6/c88e154df9c4e1a2a66ccf0005a88dfb2650c1dffb6f5ce603dfbd452ce3/idna-3.10-py3-none-any.whl", hash = "sha256:946d195a0d259cbba61165e88e65941f16e9b36ea6ddb97f00452bae8b1287d3", size = 70442 },
]

[[package]]
name = "importlib-resources"
version = "6.5.2"
source = { registry = "https://pypi.org/simple" }
sdist = { url = "https://files.pythonhosted.org/packages/cf/8c/f834fbf984f691b4f7ff60f50b514cc3de5cc08abfc3295564dd89c5e2e7/importlib_resources-6.5.2.tar.gz", hash = "sha256:185f87adef5bcc288449d98fb4fba07cea78bc036455dd44c5fc4a2fe78fed2c", size = 44693 }
wheels = [
    { url = "https://files.pythonhosted.org/packages/a4/ed/1f1afb2e9e7f38a545d628f864d562a5ae64fe6f7a10e28ffb9b185b4e89/importlib_resources-6.5.2-py3-none-any.whl", hash = "sha256:789cfdc3ed28c78b67a06acb8126751ced69a3d5f79c095a98298cd8a760ccec", size = 37461 },
]

[[package]]
name = "polars"
version = "1.20.0"
source = { registry = "https://pypi.org/simple" }
sdist = { url = "https://files.pythonhosted.org/packages/dd/8f/1005f24c8c413d8a393973fcb45e6085a2311bb513ee0c6674d438e99c31/polars-1.20.0.tar.gz", hash = "sha256:e8e9e3156fae02b58e276e5f2c16a5907a79b38617a9e2d731b533d87798f451", size = 4292434 }
wheels = [
    { url = "https://files.pythonhosted.org/packages/93/ef/74d56f82bc2e7911276ffad8f24e7ae6f7a102ecab3b2e88b87e84243356/polars-1.20.0-cp39-abi3-macosx_10_12_x86_64.whl", hash = "sha256:9a313e10ea80b99a0d32bfb942b2260b9658155287b0c2ac5876323acaff4f2c", size = 32143323 },
    { url = "https://files.pythonhosted.org/packages/dd/e1/51c7b2bc3037af89f1c109b61a2d2f44c411212df63dd0e9c6683b66d98e/polars-1.20.0-cp39-abi3-macosx_11_0_arm64.whl", hash = "sha256:4474bd004376599f7e4906bd350026cbbe805ba604121090578a97f63da15381", size = 28954418 },
    { url = "https://files.pythonhosted.org/packages/2a/1a/862b8bf65182b261022292a1cd49728db876a1ef64ff377d6f7b17653886/polars-1.20.0-cp39-abi3-manylinux_2_17_x86_64.manylinux2014_x86_64.whl", hash = "sha256:4996e17cb6f57d9aeaf79f66c54ef2913cea7bd025410c076ef8c05d4f7d792a", size = 32850943 },
    { url = "https://files.pythonhosted.org/packages/b7/33/1970863f0c1782a916299346d150c5bb8373d4e6827fabb8c37a0a2bcb8e/polars-1.20.0-cp39-abi3-manylinux_2_24_aarch64.whl", hash = "sha256:d488ffb92d4934d9c326fa2d0fb2e9a4e3c2c625c59f4a77a77e4acd4d5a0d66", size = 29885148 },
    { url = "https://files.pythonhosted.org/packages/bb/2d/b29112da3e98ba55e8ba77f08a90312004d2e4be0fd6401ff7d5d71eae0a/polars-1.20.0-cp39-abi3-win_amd64.whl", hash = "sha256:5ce417d2b6d4f3b8f422fcb3482039e8076182cceacbd880175fe970c6f99c84", size = 32947632 },
    { url = "https://files.pythonhosted.org/packages/60/da/245e5852342cab10c48dc788f7b3d39a1f926f783ea124f196ad783ea6aa/polars-1.20.0-cp39-abi3-win_arm64.whl", hash = "sha256:f474f3d65450138cd2dbab2d9b6041b8646c30fad0b28e6d62457788f994bf62", size = 29141207 },
]

[package.optional-dependencies]
pyarrow = [
    { name = "pyarrow" },
]

[[package]]
name = "pyarrow"
version = "19.0.0"
source = { registry = "https://pypi.org/simple" }
sdist = { url = "https://files.pythonhosted.org/packages/7b/01/fe1fd04744c2aa038e5a11c7a4adb3d62bce09798695e54f7274b5977134/pyarrow-19.0.0.tar.gz", hash = "sha256:8d47c691765cf497aaeed4954d226568563f1b3b74ff61139f2d77876717084b", size = 1129096 }
wheels = [
    { url = "https://files.pythonhosted.org/packages/bc/2e/152885f5ef421e80dae68b9c133ab261934f93a6d5e16b61d79c0ed597fb/pyarrow-19.0.0-cp312-cp312-macosx_12_0_arm64.whl", hash = "sha256:a7bbe7109ab6198688b7079cbad5a8c22de4d47c4880d8e4847520a83b0d1b68", size = 30667964 },
    { url = "https://files.pythonhosted.org/packages/80/c2/08bbee9a8610a47c9a1466845f405baf53a639ddd947c5133d8ba13544b6/pyarrow-19.0.0-cp312-cp312-macosx_12_0_x86_64.whl", hash = "sha256:4624c89d6f777c580e8732c27bb8e77fd1433b89707f17c04af7635dd9638351", size = 32125039 },
    { url = "https://files.pythonhosted.org/packages/d2/56/06994df823212f5688d3c8bf4294928b12c9be36681872853655724d28c6/pyarrow-19.0.0-cp312-cp312-manylinux_2_17_aarch64.manylinux2014_aarch64.whl", hash = "sha256:2b6d3ce4288793350dc2d08d1e184fd70631ea22a4ff9ea5c4ff182130249d9b", size = 41140729 },
    { url = "https://files.pythonhosted.org/packages/94/65/38ad577c98140a9db71e9e1e594b6adb58a7478a5afec6456a8ca2df7f70/pyarrow-19.0.0-cp312-cp312-manylinux_2_17_x86_64.manylinux2014_x86_64.whl", hash = "sha256:450a7d27e840e4d9a384b5c77199d489b401529e75a3b7a3799d4cd7957f2f9c", size = 42202267 },
    { url = "https://files.pythonhosted.org/packages/b6/1f/966b722251a7354114ccbb71cf1a83922023e69efd8945ebf628a851ec4c/pyarrow-19.0.0-cp312-cp312-manylinux_2_28_aarch64.whl", hash = "sha256:a08e2a8a039a3f72afb67a6668180f09fddaa38fe0d21f13212b4aba4b5d2451", size = 40505858 },
    { url = "https://files.pythonhosted.org/packages/3b/5e/6bc81aa7fc9affc7d1c03b912fbcc984ca56c2a18513684da267715dab7b/pyarrow-19.0.0-cp312-cp312-manylinux_2_28_x86_64.whl", hash = "sha256:f43f5aef2a13d4d56adadae5720d1fed4c1356c993eda8b59dace4b5983843c1", size = 42084973 },
    { url = "https://files.pythonhosted.org/packages/53/c3/2f56da818b6a4758cbd514957c67bd0f078ebffa5390ee2e2bf0f9e8defc/pyarrow-19.0.0-cp312-cp312-win_amd64.whl", hash = "sha256:2f672f5364b2d7829ef7c94be199bb88bf5661dd485e21d2d37de12ccb78a136", size = 25241976 },
    { url = "https://files.pythonhosted.org/packages/f5/b9/ba07ed3dd6b6e4f379b78e9c47c50c8886e07862ab7fa6339ac38622d755/pyarrow-19.0.0-cp313-cp313-macosx_12_0_arm64.whl", hash = "sha256:cf3bf0ce511b833f7bc5f5bb3127ba731e97222023a444b7359f3a22e2a3b463", size = 30651291 },
    { url = "https://files.pythonhosted.org/packages/ad/10/0d304243c8277035298a68a70807efb76199c6c929bb3363c92ac9be6a0d/pyarrow-19.0.0-cp313-cp313-macosx_12_0_x86_64.whl", hash = "sha256:4d8b0c0de0a73df1f1bf439af1b60f273d719d70648e898bc077547649bb8352", size = 32100461 },
    { url = "https://files.pythonhosted.org/packages/8a/61/bcfc5182e11831bca3f849945b9b106e09fd10ded773dff466658e972a45/pyarrow-19.0.0-cp313-cp313-manylinux_2_17_aarch64.manylinux2014_aarch64.whl", hash = "sha256:a92aff08e23d281c69835e4a47b80569242a504095ef6a6223c1f6bb8883431d", size = 41132491 },
    { url = "https://files.pythonhosted.org/packages/8e/87/2915a29049ec352dc69a967fbcbd76b0180319233de0daf8bd368df37099/pyarrow-19.0.0-cp313-cp313-manylinux_2_17_x86_64.manylinux2014_x86_64.whl", hash = "sha256:c3b78eff5968a1889a0f3bc81ca57e1e19b75f664d9c61a42a604bf9d8402aae", size = 42192529 },
    { url = "https://files.pythonhosted.org/packages/48/18/44e5542b2707a8afaf78b5b88c608f261871ae77787eac07b7c679ca6f0f/pyarrow-19.0.0-cp313-cp313-manylinux_2_28_aarch64.whl", hash = "sha256:b34d3bde38eba66190b215bae441646330f8e9da05c29e4b5dd3e41bde701098", size = 40495363 },
    { url = "https://files.pythonhosted.org/packages/ba/d6/5096deb7599bbd20bc2768058fe23bc725b88eb41bee58303293583a2935/pyarrow-19.0.0-cp313-cp313-manylinux_2_28_x86_64.whl", hash = "sha256:5418d4d0fab3a0ed497bad21d17a7973aad336d66ad4932a3f5f7480d4ca0c04", size = 42074075 },
    { url = "https://files.pythonhosted.org/packages/2c/df/e3c839c04c284c9ec3d62b02a8c452b795d9b07b04079ab91ce33484d4c5/pyarrow-19.0.0-cp313-cp313-win_amd64.whl", hash = "sha256:e82c3d5e44e969c217827b780ed8faf7ac4c53f934ae9238872e749fa531f7c9", size = 25239803 },
    { url = "https://files.pythonhosted.org/packages/6a/d3/a6d4088e906c7b5d47792256212606d2ae679046dc750eee0ae167338e5c/pyarrow-19.0.0-cp313-cp313t-macosx_12_0_arm64.whl", hash = "sha256:f208c3b58a6df3b239e0bb130e13bc7487ed14f39a9ff357b6415e3f6339b560", size = 30695401 },
    { url = "https://files.pythonhosted.org/packages/94/25/70040fd0e397dd1b937f459eaeeec942a76027357491dca0ada09d1322af/pyarrow-19.0.0-cp313-cp313t-macosx_12_0_x86_64.whl", hash = "sha256:c751c1c93955b7a84c06794df46f1cec93e18610dcd5ab7d08e89a81df70a849", size = 32104680 },
    { url = "https://files.pythonhosted.org/packages/4e/f9/92783290cc0d80ca16d34b0c126305bfacca4b87dd889c8f16c6ef2a8fd7/pyarrow-19.0.0-cp313-cp313t-manylinux_2_17_aarch64.manylinux2014_aarch64.whl", hash = "sha256:b903afaa5df66d50fc38672ad095806443b05f202c792694f3a604ead7c6ea6e", size = 41076754 },
    { url = "https://files.pythonhosted.org/packages/05/46/2c9870f50a495c72e2b8982ae29a9b1680707ea936edc0de444cec48f875/pyarrow-19.0.0-cp313-cp313t-manylinux_2_17_x86_64.manylinux2014_x86_64.whl", hash = "sha256:a22a4bc0937856263df8b94f2f2781b33dd7f876f787ed746608e06902d691a5", size = 42163133 },
    { url = "https://files.pythonhosted.org/packages/7b/2f/437922b902549228fb15814e8a26105bff2787ece466a8d886eb6699efad/pyarrow-19.0.0-cp313-cp313t-manylinux_2_28_aarch64.whl", hash = "sha256:5e8a28b918e2e878c918f6d89137386c06fe577cd08d73a6be8dafb317dc2d73", size = 40452210 },
    { url = "https://files.pythonhosted.org/packages/36/ef/1d7975053af9d106da973bac142d0d4da71b7550a3576cc3e0b3f444d21a/pyarrow-19.0.0-cp313-cp313t-manylinux_2_28_x86_64.whl", hash = "sha256:29cd86c8001a94f768f79440bf83fee23963af5e7bc68ce3a7e5f120e17edf89", size = 42077618 },
]

[[package]]
name = "pyodbc"
version = "5.2.0"
source = { registry = "https://pypi.org/simple" }
sdist = { url = "https://files.pythonhosted.org/packages/a0/36/a1ac7d23a1611e7ccd4d27df096f3794e8d1e7faa040260d9d41b6fc3185/pyodbc-5.2.0.tar.gz", hash = "sha256:de8be39809c8ddeeee26a4b876a6463529cd487a60d1393eb2a93e9bcd44a8f5", size = 116908 }
wheels = [
    { url = "https://files.pythonhosted.org/packages/26/26/104525b728fedfababd3143426b9d0008c70f0d604a3bf5d4773977d83f4/pyodbc-5.2.0-cp312-cp312-macosx_10_13_x86_64.whl", hash = "sha256:be43d1ece4f2cf4d430996689d89a1a15aeb3a8da8262527e5ced5aee27e89c3", size = 73014 },
    { url = "https://files.pythonhosted.org/packages/4f/7d/bb632488b603bcd2a6753b858e8bc7dd56146dd19bd72003cc09ae6e3fc0/pyodbc-5.2.0-cp312-cp312-macosx_11_0_arm64.whl", hash = "sha256:9f7badd0055221a744d76c11440c0856fd2846ed53b6555cf8f0a8893a3e4b03", size = 72515 },
    { url = "https://files.pythonhosted.org/packages/ab/38/a1b9bfe5a7062672268553c2d6ff93676173b0fb4bd583e8c4f74a0e296f/pyodbc-5.2.0-cp312-cp312-manylinux_2_17_aarch64.manylinux2014_aarch64.whl", hash = "sha256:ad633c52f4f4e7691daaa2278d6e6ebb2fe4ae7709e610e22c7dd1a1d620cf8b", size = 348561 },
    { url = "https://files.pythonhosted.org/packages/71/82/ddb1c41c682550116f391aa6cab2052910046a30d63014bbe6d09c4958f4/pyodbc-5.2.0-cp312-cp312-manylinux_2_17_x86_64.manylinux2014_x86_64.whl", hash = "sha256:97d086a8f7a302b74c9c2e77bedf954a603b19168af900d4d3a97322e773df63", size = 353962 },
    { url = "https://files.pythonhosted.org/packages/e5/29/fec0e739d0c1cab155843ed71d0717f5e1694effe3f28d397168f48bcd92/pyodbc-5.2.0-cp312-cp312-win32.whl", hash = "sha256:0e4412f8e608db2a4be5bcc75f9581f386ed6a427dbcb5eac795049ba6fc205e", size = 63050 },
    { url = "https://files.pythonhosted.org/packages/21/7f/3a47e022a97b017ffb73351a1061e4401bcb5aa4fc0162d04f4e5452e4fc/pyodbc-5.2.0-cp312-cp312-win_amd64.whl", hash = "sha256:b1f5686b142759c5b2bdbeaa0692622c2ebb1f10780eb3c174b85f5607fbcf55", size = 69485 },
    { url = "https://files.pythonhosted.org/packages/90/be/e5f8022ec57a7ea6aa3717a3f307a44c3b012fce7ad6ec91aad3e2a56978/pyodbc-5.2.0-cp313-cp313-macosx_10_13_x86_64.whl", hash = "sha256:26844d780045bbc3514d5c2f0d89e7fda7df7db0bd24292eb6902046f5730885", size = 72982 },
    { url = "https://files.pythonhosted.org/packages/5c/0e/71111e4f53936b0b99731d9b6acfc8fc95660533a1421447a63d6e519112/pyodbc-5.2.0-cp313-cp313-macosx_11_0_arm64.whl", hash = "sha256:26d2d8fd53b71204c755abc53b0379df4e23fd9a40faf211e1cb87e8a32470f0", size = 72515 },
    { url = "https://files.pythonhosted.org/packages/a5/09/3c06bbc1ebb9ae15f53cefe10774809b67da643883287ba1c44ba053816a/pyodbc-5.2.0-cp313-cp313-manylinux_2_17_aarch64.manylinux2014_aarch64.whl", hash = "sha256:a27996b6d27e275dfb5fe8a34087ba1cacadfd1439e636874ef675faea5149d9", size = 347470 },
    { url = "https://files.pythonhosted.org/packages/a4/35/1c7efd4665e7983169d20175014f68578e0edfcbc4602b0bafcefa522c4a/pyodbc-5.2.0-cp313-cp313-manylinux_2_17_x86_64.manylinux2014_x86_64.whl", hash = "sha256:eaf42c4bd323b8fd01f1cd900cca2d09232155f9b8f0b9bcd0be66763588ce64", size = 353025 },
    { url = "https://files.pythonhosted.org/packages/6d/c9/736d07fa33572abdc50d858fd9e527d2c8281f3acbb90dff4999a3662edd/pyodbc-5.2.0-cp313-cp313-win32.whl", hash = "sha256:207f16b7e9bf09c591616429ebf2b47127e879aad21167ac15158910dc9bbcda", size = 63052 },
    { url = "https://files.pythonhosted.org/packages/73/2a/3219c8b7fa3788fc9f27b5fc2244017223cf070e5ab370f71c519adf9120/pyodbc-5.2.0-cp313-cp313-win_amd64.whl", hash = "sha256:96d3127f28c0dacf18da7ae009cd48eac532d3dcc718a334b86a3c65f6a5ef5c", size = 69486 },
]

[[package]]
name = "requests"
version = "2.32.3"
source = { registry = "https://pypi.org/simple" }
dependencies = [
    { name = "certifi" },
    { name = "charset-normalizer" },
    { name = "idna" },
    { name = "urllib3" },
]
sdist = { url = "https://files.pythonhosted.org/packages/63/70/2bf7780ad2d390a8d301ad0b550f1581eadbd9a20f896afe06353c2a2913/requests-2.32.3.tar.gz", hash = "sha256:55365417734eb18255590a9ff9eb97e9e1da868d4ccd6402399eaf68af20a760", size = 131218 }
wheels = [
    { url = "https://files.pythonhosted.org/packages/f9/9b/335f9764261e915ed497fcdeb11df5dfd6f7bf257d4a6a2a686d80da4d54/requests-2.32.3-py3-none-any.whl", hash = "sha256:70761cfe03c773ceb22aa2f671b4757976145175cdfca038c02654d061d6dcc6", size = 64928 },
]

[[package]]
name = "typing-extensions"
version = "4.12.2"
source = { registry = "https://pypi.org/simple" }
sdist = { url = "https://files.pythonhosted.org/packages/df/db/f35a00659bc03fec321ba8bce9420de607a1d37f8342eee1863174c69557/typing_extensions-4.12.2.tar.gz", hash = "sha256:1a7ead55c7e559dd4dee8856e3a88b41225abfe1ce8df57b7c13915fe121ffb8", size = 85321 }
wheels = [
    { url = "https://files.pythonhosted.org/packages/26/9f/ad63fc0248c5379346306f8668cda6e2e2e9c95e01216d2b8ffd9ff037d0/typing_extensions-4.12.2-py3-none-any.whl", hash = "sha256:04e5ca0351e0f3f85c6853954072df659d0d13fac324d0072316b67d7794700d", size = 37438 },
]

[[package]]
name = "urllib3"
version = "2.3.0"
source = { registry = "https://pypi.org/simple" }
sdist = { url = "https://files.pythonhosted.org/packages/aa/63/e53da845320b757bf29ef6a9062f5c669fe997973f966045cb019c3f4b66/urllib3-2.3.0.tar.gz", hash = "sha256:f8c5449b3cf0861679ce7e0503c7b44b5ec981bec0d1d3795a07f1ba96f0204d", size = 307268 }
wheels = [
    { url = "https://files.pythonhosted.org/packages/c8/19/4ec628951a74043532ca2cf5d97b7b14863931476d117c471e8e2b1eb39f/urllib3-2.3.0-py3-none-any.whl", hash = "sha256:1cee9ad369867bfdbbb48b7dd50374c0967a0bb7710050facf0dd6911440e3df", size = 128369 },
]
